
Microsoft Visual Studio Solution File, Format Version 12.00
# Visual Studio Version 17
VisualStudioVersion = 17.2.32630.192
MinimumVisualStudioVersion = 10.0.40219.1
Project("{9A19103F-16F7-4668-BE54-9A1E7A4F7556}") = "R5T.F0080", "R5T.F0080\R5T.F0080.csproj", "{8E8CC546-EBF1-4D25-9165-B829E9DB76F2}"
EndProject
Project("{2150E333-8FDC-42A3-9474-1A3956D46DE8}") = "_Dependencies", "_Dependencies", "{9E5672DB-850D-4D91-A5CB-2FD77D7AEF1E}"
EndProject
Project("{9A19103F-16F7-4668-BE54-9A1E7A4F7556}") = "R5T.F0000", "..\..\R5T.F0000\source\R5T.F0000\R5T.F0000.csproj", "{108193FA-3A3B-451A-9B33-4CA26B0B7A2A}"
EndProject
Project("{9A19103F-16F7-4668-BE54-9A1E7A4F7556}") = "R5T.F0002", "..\..\R5T.F0002\source\R5T.F0002\R5T.F0002.csproj", "{427AFB3C-BCD9-4440-A678-72F7B908FF4C}"
EndProject
Project("{9A19103F-16F7-4668-BE54-9A1E7A4F7556}") = "R5T.F0019", "..\..\R5T.F0019\source\R5T.F0019\R5T.F0019.csproj", "{89BDD95B-D9B2-474A-8612-9FC9DB802C96}"
EndProject
Project("{9A19103F-16F7-4668-BE54-9A1E7A4F7556}") = "R5T.F0032", "..\..\R5T.F0032\source\R5T.F0032\R5T.F0032.csproj", "{9651599C-3083-4FB2-AE11-B5585159B3B9}"
EndProject
Project("{9A19103F-16F7-4668-BE54-9A1E7A4F7556}") = "R5T.F0040.F000", "..\..\R5T.F0040\source\R5T.F0040.F000\R5T.F0040.F000.csproj", "{BCA71E4D-C7F2-42DD-A507-ED6DC620FC54}"
EndProject
Project("{9A19103F-16F7-4668-BE54-9A1E7A4F7556}") = "R5T.F0041", "..\..\R5T.F0041\source\R5T.F0041\R5T.F0041.csproj", "{00FFC17A-1275-43FE-822D-48742F93967A}"
EndProject
Project("{9A19103F-16F7-4668-BE54-9A1E7A4F7556}") = "R5T.F0042.F001", "..\..\R5T.F0042\source\R5T.F0042.F001\R5T.F0042.F001.csproj", "{7AF70E80-43EE-4DAC-8332-644DF1898DF9}"
EndProject
Project("{9A19103F-16F7-4668-BE54-9A1E7A4F7556}") = "R5T.F0042", "..\..\R5T.F0042\source\R5T.F0042\R5T.F0042.csproj", "{9853965D-E347-4AB3-9126-9A92981DDAE1}"
EndProject
Project("{9A19103F-16F7-4668-BE54-9A1E7A4F7556}") = "R5T.F0044", "..\..\R5T.F0044\source\R5T.F0044\R5T.F0044.csproj", "{084F76CE-F6F0-466C-A38C-F8B4A03230AF}"
EndProject
Project("{9A19103F-16F7-4668-BE54-9A1E7A4F7556}") = "R5T.F0046", "..\..\R5T.F0046\source\R5T.F0046\R5T.F0046.csproj", "{8AE9F315-CE72-45CB-9B12-6AF044642C73}"
EndProject
Project("{9A19103F-16F7-4668-BE54-9A1E7A4F7556}") = "R5T.F0047", "..\..\R5T.F0047\source\R5T.F0047\R5T.F0047.csproj", "{D0827EB6-BD8B-4FC9-B39D-AD6BDBBB3C5D}"
EndProject
Project("{9A19103F-16F7-4668-BE54-9A1E7A4F7556}") = "R5T.F0048", "..\..\R5T.F0048\source\R5T.F0048\R5T.F0048.csproj", "{CB449395-63A8-4D7E-B8FD-560B1F86C6B1}"
EndProject
Project("{9A19103F-16F7-4668-BE54-9A1E7A4F7556}") = "R5T.F0050", "..\..\R5T.F0050\source\R5T.F0050\R5T.F0050.csproj", "{A02D3800-564A-46D4-9BD4-6F16FF10DAA3}"
EndProject
Project("{9A19103F-16F7-4668-BE54-9A1E7A4F7556}") = "R5T.F0052", "..\..\R5T.F0052\source\R5T.F0052\R5T.F0052.csproj", "{0D20F9A8-4339-4B3F-93DB-1C49C9293F86}"
EndProject
Project("{9A19103F-16F7-4668-BE54-9A1E7A4F7556}") = "R5T.F0053", "..\..\R5T.F0053\source\R5T.F0053\R5T.F0053.csproj", "{9788CC2B-5D29-45DE-8D7A-A8538BA3EBCB}"
EndProject
Project("{9A19103F-16F7-4668-BE54-9A1E7A4F7556}") = "R5T.F0054", "..\..\R5T.F0054\source\R5T.F0054\R5T.F0054.csproj", "{008E9091-E13A-4E51-A5E5-3EE2E8461A56}"
EndProject
Project("{9A19103F-16F7-4668-BE54-9A1E7A4F7556}") = "R5T.F0055", "..\..\R5T.F0055\source\R5T.F0055\R5T.F0055.csproj", "{E7CBC312-0CFF-48E5-8FE9-A79BE78DA3C8}"
EndProject
Project("{9A19103F-16F7-4668-BE54-9A1E7A4F7556}") = "R5T.F0057", "..\..\R5T.F0057\source\R5T.F0057\R5T.F0057.csproj", "{3EF26ABC-C5B2-48B3-AE08-29938A82004E}"
EndProject
Project("{9A19103F-16F7-4668-BE54-9A1E7A4F7556}") = "R5T.F0059", "..\..\R5T.F0059\source\R5T.F0059\R5T.F0059.csproj", "{42D4907D-3573-4DD3-BF49-AD714EBB415C}"
EndProject
Project("{9A19103F-16F7-4668-BE54-9A1E7A4F7556}") = "R5T.F0089", "..\..\R5T.F0089\source\R5T.F0089\R5T.F0089.csproj", "{8C95EE8F-62E7-4A1E-B507-D54DAF5BE627}"
EndProject
Project("{9A19103F-16F7-4668-BE54-9A1E7A4F7556}") = "R5T.F0091", "..\..\R5T.F0091\source\R5T.F0091\R5T.F0091.csproj", "{E64793D6-C674-47C2-BE4C-165D51C5A2F4}"
EndProject
Project("{9A19103F-16F7-4668-BE54-9A1E7A4F7556}") = "R5T.F0120", "..\..\R5T.F0120\source\R5T.F0120\R5T.F0120.csproj", "{70960381-B9DE-4AFE-9D6F-C5A7324FB243}"
EndProject
Project("{9A19103F-16F7-4668-BE54-9A1E7A4F7556}") = "R5T.F0124", "..\..\R5T.F0124\source\R5T.F0124\R5T.F0124.csproj", "{7B51F4C9-0356-4E1A-896A-30AD01633989}"
EndProject
Project("{9A19103F-16F7-4668-BE54-9A1E7A4F7556}") = "R5T.L0001.Y000", "..\..\R5T.L0001\source\R5T.L0001.Y000\R5T.L0001.Y000.csproj", "{F84BDB00-2751-495F-80C5-D7FC4B22B2AD}"
EndProject
Project("{9A19103F-16F7-4668-BE54-9A1E7A4F7556}") = "R5T.L0001.Z000", "..\..\R5T.L0001\source\R5T.L0001.Z000\R5T.L0001.Z000.csproj", "{2934AD5E-E26F-48AC-A95A-932B13719224}"
EndProject
Project("{9A19103F-16F7-4668-BE54-9A1E7A4F7556}") = "R5T.L0001", "..\..\R5T.L0001\source\R5T.L0001\R5T.L0001.csproj", "{7D8E572E-0847-4920-852D-CCA8FADD17BF}"
EndProject
Project("{9A19103F-16F7-4668-BE54-9A1E7A4F7556}") = "R5T.L0026.T000", "..\..\R5T.L0026\source\R5T.L0026.T000\R5T.L0026.T000.csproj", "{EF3F4C35-EFB4-4B31-906D-081AFDFD950B}"
EndProject
Project("{9A19103F-16F7-4668-BE54-9A1E7A4F7556}") = "R5T.NG0005", "..\..\R5T.NG0005\source\R5T.NG0005\R5T.NG0005.csproj", "{C48B7F02-BF2D-4313-8A15-329068BB121C}"
EndProject
Project("{9A19103F-16F7-4668-BE54-9A1E7A4F7556}") = "R5T.NG0006", "..\..\R5T.NG0006\source\R5T.NG0006\R5T.NG0006.csproj", "{A983F972-8F88-4A49-94FB-46A1D56DEC04}"
EndProject
Project("{9A19103F-16F7-4668-BE54-9A1E7A4F7556}") = "R5T.NG0008", "..\..\R5T.NG0008\source\R5T.NG0008\R5T.NG0008.csproj", "{8DD14C86-1977-473D-90A8-03A61153DB73}"
EndProject
Project("{9A19103F-16F7-4668-BE54-9A1E7A4F7556}") = "R5T.NG0022", "..\..\R5T.NG0022\source\R5T.NG0022\R5T.NG0022.csproj", "{FF1E9810-0F77-4A7F-AD51-37095F457927}"
EndProject
Project("{9A19103F-16F7-4668-BE54-9A1E7A4F7556}") = "R5T.T0046", "..\..\R5T.T0046\source\R5T.T0046\R5T.T0046.csproj", "{F9EE5403-53C7-46ED-97BE-CB1980AF19A0}"
EndProject
Project("{9A19103F-16F7-4668-BE54-9A1E7A4F7556}") = "R5T.T0131", "..\..\R5T.T0131\source\R5T.T0131\R5T.T0131.csproj", "{FD819E22-0340-4C8E-B378-D42465C603F2}"
EndProject
Project("{9A19103F-16F7-4668-BE54-9A1E7A4F7556}") = "R5T.T0132", "..\..\R5T.T0132\source\R5T.T0132\R5T.T0132.csproj", "{C7AEFA90-C101-49DC-852A-2158599D230A}"
EndProject
Project("{9A19103F-16F7-4668-BE54-9A1E7A4F7556}") = "R5T.T0142", "..\..\R5T.T0142\source\R5T.T0142\R5T.T0142.csproj", "{51514E0D-4A02-4CEB-A4B2-7854DBF9F243}"
EndProject
Project("{9A19103F-16F7-4668-BE54-9A1E7A4F7556}") = "R5T.T0143", "..\..\R5T.T0143\source\R5T.T0143\R5T.T0143.csproj", "{4383F831-C92F-4EB7-AF28-4622543BFEBE}"
EndProject
Project("{9A19103F-16F7-4668-BE54-9A1E7A4F7556}") = "R5T.T0144", "..\..\R5T.T0144\source\R5T.T0144\R5T.T0144.csproj", "{04BC3C8A-11AB-4CCF-99AE-35DB65CC7D0F}"
EndProject
Project("{9A19103F-16F7-4668-BE54-9A1E7A4F7556}") = "R5T.T0153", "..\..\R5T.T0153\source\R5T.T0153\R5T.T0153.csproj", "{C975BFEC-E8DC-487C-859F-24A2C1CC91EC}"
EndProject
Project("{9A19103F-16F7-4668-BE54-9A1E7A4F7556}") = "R5T.T0156", "..\..\R5T.T0156\source\R5T.T0156\R5T.T0156.csproj", "{CC191964-6B00-4F87-98B0-E60C8E6D1703}"
EndProject
Project("{9A19103F-16F7-4668-BE54-9A1E7A4F7556}") = "R5T.T0174", "..\..\R5T.T0174\source\R5T.T0174\R5T.T0174.csproj", "{26A56BAC-0AC4-4B68-ACE7-2B279762D482}"
EndProject
Project("{9A19103F-16F7-4668-BE54-9A1E7A4F7556}") = "R5T.T0176", "..\..\R5T.T0176\source\R5T.T0176\R5T.T0176.csproj", "{A1FFA30D-FCD3-40C4-937B-432BFD91F82D}"
EndProject
Project("{9A19103F-16F7-4668-BE54-9A1E7A4F7556}") = "R5T.T0177", "..\..\R5T.T0177\source\R5T.T0177\R5T.T0177.csproj", "{6EC0A99D-7C36-48FF-A3E8-5CEC27E7BB14}"
EndProject
Project("{9A19103F-16F7-4668-BE54-9A1E7A4F7556}") = "R5T.T0178", "..\..\R5T.T0178\source\R5T.T0178\R5T.T0178.csproj", "{2225027F-C595-4A57-A20E-3DE74F6A7C0C}"
EndProject
Project("{9A19103F-16F7-4668-BE54-9A1E7A4F7556}") = "R5T.T0179", "..\..\R5T.T0179\source\R5T.T0179\R5T.T0179.csproj", "{88D70F17-B1CD-40D8-9489-7790F343E4F1}"
EndProject
Project("{9A19103F-16F7-4668-BE54-9A1E7A4F7556}") = "R5T.T0180", "..\..\R5T.T0180\source\R5T.T0180\R5T.T0180.csproj", "{A57E0529-0054-4DF4-8870-2963A4F62447}"
EndProject
Project("{9A19103F-16F7-4668-BE54-9A1E7A4F7556}") = "R5T.T0181", "..\..\R5T.T0181\source\R5T.T0181\R5T.T0181.csproj", "{40A08D15-6FBD-478B-BA6B-FC88FECD1D05}"
EndProject
Project("{9A19103F-16F7-4668-BE54-9A1E7A4F7556}") = "R5T.T0185", "..\..\R5T.T0185\source\R5T.T0185\R5T.T0185.csproj", "{1748CF3F-3457-405E-BE6C-29F4C9888C05}"
EndProject
Project("{9A19103F-16F7-4668-BE54-9A1E7A4F7556}") = "R5T.T0188", "..\..\R5T.T0188\source\R5T.T0188\R5T.T0188.csproj", "{68AC64B0-4612-47F3-A361-DB4D1117BB3C}"
EndProject
Project("{9A19103F-16F7-4668-BE54-9A1E7A4F7556}") = "R5T.T0209", "..\..\R5T.T0209\source\R5T.T0209\R5T.T0209.csproj", "{499DCF57-772B-4954-8CA1-0ED825A11921}"
EndProject
Project("{9A19103F-16F7-4668-BE54-9A1E7A4F7556}") = "R5T.Y0000", "..\..\R5T.Y0000\source\R5T.Y0000\R5T.Y0000.csproj", "{2625B67F-2EEB-4A71-9A1C-9C8511EBDF24}"
EndProject
Project("{9A19103F-16F7-4668-BE54-9A1E7A4F7556}") = "R5T.Y0004", "..\..\R5T.Y0004\source\R5T.Y0004\R5T.Y0004.csproj", "{1D0C9BD3-7329-47DC-85A8-54E42C0F7AA6}"
EndProject
Project("{9A19103F-16F7-4668-BE54-9A1E7A4F7556}") = "R5T.Z0000", "..\..\R5T.Z0000\source\R5T.Z0000\R5T.Z0000.csproj", "{7E3BB8D5-93C9-4D4C-BD14-31FF679A449B}"
EndProject
Project("{9A19103F-16F7-4668-BE54-9A1E7A4F7556}") = "R5T.Z0005", "..\..\R5T.Z0005\source\R5T.Z0005\R5T.Z0005.csproj", "{A07CCB41-4D71-4DD3-AAAF-56D7387961FC}"
EndProject
Project("{9A19103F-16F7-4668-BE54-9A1E7A4F7556}") = "R5T.Z0007", "..\..\R5T.Z0007\source\R5T.Z0007\R5T.Z0007.csproj", "{67ECCF94-58F7-482C-87DF-7E713B894016}"
EndProject
Project("{9A19103F-16F7-4668-BE54-9A1E7A4F7556}") = "R5T.Z0013", "..\..\R5T.Z0013\source\R5T.Z0013\R5T.Z0013.csproj", "{D375FAA9-76E3-4B75-9B24-F706A71B25EA}"
EndProject
Project("{9A19103F-16F7-4668-BE54-9A1E7A4F7556}") = "R5T.Z0036", "..\..\R5T.Z0036\source\R5T.Z0036\R5T.Z0036.csproj", "{76E0F931-E5C6-4E60-9D04-61BFEF7C1BC9}"
EndProject
Global
	GlobalSection(NestedProjects) = preSolution
		{108193FA-3A3B-451A-9B33-4CA26B0B7A2A} = {9E5672DB-850D-4D91-A5CB-2FD77D7AEF1E}
		{427AFB3C-BCD9-4440-A678-72F7B908FF4C} = {9E5672DB-850D-4D91-A5CB-2FD77D7AEF1E}
		{89BDD95B-D9B2-474A-8612-9FC9DB802C96} = {9E5672DB-850D-4D91-A5CB-2FD77D7AEF1E}
		{9651599C-3083-4FB2-AE11-B5585159B3B9} = {9E5672DB-850D-4D91-A5CB-2FD77D7AEF1E}
		{BCA71E4D-C7F2-42DD-A507-ED6DC620FC54} = {9E5672DB-850D-4D91-A5CB-2FD77D7AEF1E}
		{00FFC17A-1275-43FE-822D-48742F93967A} = {9E5672DB-850D-4D91-A5CB-2FD77D7AEF1E}
		{7AF70E80-43EE-4DAC-8332-644DF1898DF9} = {9E5672DB-850D-4D91-A5CB-2FD77D7AEF1E}
		{9853965D-E347-4AB3-9126-9A92981DDAE1} = {9E5672DB-850D-4D91-A5CB-2FD77D7AEF1E}
		{084F76CE-F6F0-466C-A38C-F8B4A03230AF} = {9E5672DB-850D-4D91-A5CB-2FD77D7AEF1E}
		{8AE9F315-CE72-45CB-9B12-6AF044642C73} = {9E5672DB-850D-4D91-A5CB-2FD77D7AEF1E}
		{D0827EB6-BD8B-4FC9-B39D-AD6BDBBB3C5D} = {9E5672DB-850D-4D91-A5CB-2FD77D7AEF1E}
		{CB449395-63A8-4D7E-B8FD-560B1F86C6B1} = {9E5672DB-850D-4D91-A5CB-2FD77D7AEF1E}
		{A02D3800-564A-46D4-9BD4-6F16FF10DAA3} = {9E5672DB-850D-4D91-A5CB-2FD77D7AEF1E}
		{0D20F9A8-4339-4B3F-93DB-1C49C9293F86} = {9E5672DB-850D-4D91-A5CB-2FD77D7AEF1E}
		{9788CC2B-5D29-45DE-8D7A-A8538BA3EBCB} = {9E5672DB-850D-4D91-A5CB-2FD77D7AEF1E}
		{008E9091-E13A-4E51-A5E5-3EE2E8461A56} = {9E5672DB-850D-4D91-A5CB-2FD77D7AEF1E}
		{E7CBC312-0CFF-48E5-8FE9-A79BE78DA3C8} = {9E5672DB-850D-4D91-A5CB-2FD77D7AEF1E}
		{3EF26ABC-C5B2-48B3-AE08-29938A82004E} = {9E5672DB-850D-4D91-A5CB-2FD77D7AEF1E}
		{42D4907D-3573-4DD3-BF49-AD714EBB415C} = {9E5672DB-850D-4D91-A5CB-2FD77D7AEF1E}
		{8C95EE8F-62E7-4A1E-B507-D54DAF5BE627} = {9E5672DB-850D-4D91-A5CB-2FD77D7AEF1E}
		{E64793D6-C674-47C2-BE4C-165D51C5A2F4} = {9E5672DB-850D-4D91-A5CB-2FD77D7AEF1E}
		{70960381-B9DE-4AFE-9D6F-C5A7324FB243} = {9E5672DB-850D-4D91-A5CB-2FD77D7AEF1E}
		{7B51F4C9-0356-4E1A-896A-30AD01633989} = {9E5672DB-850D-4D91-A5CB-2FD77D7AEF1E}
		{F84BDB00-2751-495F-80C5-D7FC4B22B2AD} = {9E5672DB-850D-4D91-A5CB-2FD77D7AEF1E}
		{2934AD5E-E26F-48AC-A95A-932B13719224} = {9E5672DB-850D-4D91-A5CB-2FD77D7AEF1E}
		{7D8E572E-0847-4920-852D-CCA8FADD17BF} = {9E5672DB-850D-4D91-A5CB-2FD77D7AEF1E}
		{EF3F4C35-EFB4-4B31-906D-081AFDFD950B} = {9E5672DB-850D-4D91-A5CB-2FD77D7AEF1E}
		{C48B7F02-BF2D-4313-8A15-329068BB121C} = {9E5672DB-850D-4D91-A5CB-2FD77D7AEF1E}
		{A983F972-8F88-4A49-94FB-46A1D56DEC04} = {9E5672DB-850D-4D91-A5CB-2FD77D7AEF1E}
		{8DD14C86-1977-473D-90A8-03A61153DB73} = {9E5672DB-850D-4D91-A5CB-2FD77D7AEF1E}
		{FF1E9810-0F77-4A7F-AD51-37095F457927} = {9E5672DB-850D-4D91-A5CB-2FD77D7AEF1E}
		{F9EE5403-53C7-46ED-97BE-CB1980AF19A0} = {9E5672DB-850D-4D91-A5CB-2FD77D7AEF1E}
		{FD819E22-0340-4C8E-B378-D42465C603F2} = {9E5672DB-850D-4D91-A5CB-2FD77D7AEF1E}
		{C7AEFA90-C101-49DC-852A-2158599D230A} = {9E5672DB-850D-4D91-A5CB-2FD77D7AEF1E}
		{51514E0D-4A02-4CEB-A4B2-7854DBF9F243} = {9E5672DB-850D-4D91-A5CB-2FD77D7AEF1E}
		{4383F831-C92F-4EB7-AF28-4622543BFEBE} = {9E5672DB-850D-4D91-A5CB-2FD77D7AEF1E}
		{04BC3C8A-11AB-4CCF-99AE-35DB65CC7D0F} = {9E5672DB-850D-4D91-A5CB-2FD77D7AEF1E}
		{C975BFEC-E8DC-487C-859F-24A2C1CC91EC} = {9E5672DB-850D-4D91-A5CB-2FD77D7AEF1E}
		{CC191964-6B00-4F87-98B0-E60C8E6D1703} = {9E5672DB-850D-4D91-A5CB-2FD77D7AEF1E}
		{26A56BAC-0AC4-4B68-ACE7-2B279762D482} = {9E5672DB-850D-4D91-A5CB-2FD77D7AEF1E}
		{A1FFA30D-FCD3-40C4-937B-432BFD91F82D} = {9E5672DB-850D-4D91-A5CB-2FD77D7AEF1E}
		{6EC0A99D-7C36-48FF-A3E8-5CEC27E7BB14} = {9E5672DB-850D-4D91-A5CB-2FD77D7AEF1E}
		{2225027F-C595-4A57-A20E-3DE74F6A7C0C} = {9E5672DB-850D-4D91-A5CB-2FD77D7AEF1E}
		{88D70F17-B1CD-40D8-9489-7790F343E4F1} = {9E5672DB-850D-4D91-A5CB-2FD77D7AEF1E}
		{A57E0529-0054-4DF4-8870-2963A4F62447} = {9E5672DB-850D-4D91-A5CB-2FD77D7AEF1E}
		{40A08D15-6FBD-478B-BA6B-FC88FECD1D05} = {9E5672DB-850D-4D91-A5CB-2FD77D7AEF1E}
		{1748CF3F-3457-405E-BE6C-29F4C9888C05} = {9E5672DB-850D-4D91-A5CB-2FD77D7AEF1E}
		{68AC64B0-4612-47F3-A361-DB4D1117BB3C} = {9E5672DB-850D-4D91-A5CB-2FD77D7AEF1E}
		{499DCF57-772B-4954-8CA1-0ED825A11921} = {9E5672DB-850D-4D91-A5CB-2FD77D7AEF1E}
		{2625B67F-2EEB-4A71-9A1C-9C8511EBDF24} = {9E5672DB-850D-4D91-A5CB-2FD77D7AEF1E}
		{1D0C9BD3-7329-47DC-85A8-54E42C0F7AA6} = {9E5672DB-850D-4D91-A5CB-2FD77D7AEF1E}
		{7E3BB8D5-93C9-4D4C-BD14-31FF679A449B} = {9E5672DB-850D-4D91-A5CB-2FD77D7AEF1E}
		{A07CCB41-4D71-4DD3-AAAF-56D7387961FC} = {9E5672DB-850D-4D91-A5CB-2FD77D7AEF1E}
		{67ECCF94-58F7-482C-87DF-7E713B894016} = {9E5672DB-850D-4D91-A5CB-2FD77D7AEF1E}
		{D375FAA9-76E3-4B75-9B24-F706A71B25EA} = {9E5672DB-850D-4D91-A5CB-2FD77D7AEF1E}
		{76E0F931-E5C6-4E60-9D04-61BFEF7C1BC9} = {9E5672DB-850D-4D91-A5CB-2FD77D7AEF1E}
	EndGlobalSection
	GlobalSection(SolutionConfigurationPlatforms) = preSolution
		Debug|Any CPU = Debug|Any CPU
		Release|Any CPU = Release|Any CPU
	EndGlobalSection
	GlobalSection(ProjectConfigurationPlatforms) = postSolution
		{8E8CC546-EBF1-4D25-9165-B829E9DB76F2}.Debug|Any CPU.ActiveCfg = Debug|Any CPU
		{8E8CC546-EBF1-4D25-9165-B829E9DB76F2}.Debug|Any CPU.Build.0 = Debug|Any CPU
		{8E8CC546-EBF1-4D25-9165-B829E9DB76F2}.Release|Any CPU.ActiveCfg = Release|Any CPU
		{8E8CC546-EBF1-4D25-9165-B829E9DB76F2}.Release|Any CPU.Build.0 = Release|Any CPU
		{108193FA-3A3B-451A-9B33-4CA26B0B7A2A}.Debug|Any CPU.ActiveCfg = Debug|Any CPU
		{108193FA-3A3B-451A-9B33-4CA26B0B7A2A}.Debug|Any CPU.Build.0 = Debug|Any CPU
		{108193FA-3A3B-451A-9B33-4CA26B0B7A2A}.Release|Any CPU.ActiveCfg = Release|Any CPU
		{108193FA-3A3B-451A-9B33-4CA26B0B7A2A}.Release|Any CPU.Build.0 = Release|Any CPU
		{427AFB3C-BCD9-4440-A678-72F7B908FF4C}.Debug|Any CPU.ActiveCfg = Debug|Any CPU
		{427AFB3C-BCD9-4440-A678-72F7B908FF4C}.Debug|Any CPU.Build.0 = Debug|Any CPU
		{427AFB3C-BCD9-4440-A678-72F7B908FF4C}.Release|Any CPU.ActiveCfg = Release|Any CPU
		{427AFB3C-BCD9-4440-A678-72F7B908FF4C}.Release|Any CPU.Build.0 = Release|Any CPU
		{89BDD95B-D9B2-474A-8612-9FC9DB802C96}.Debug|Any CPU.ActiveCfg = Debug|Any CPU
		{89BDD95B-D9B2-474A-8612-9FC9DB802C96}.Debug|Any CPU.Build.0 = Debug|Any CPU
		{89BDD95B-D9B2-474A-8612-9FC9DB802C96}.Release|Any CPU.ActiveCfg = Release|Any CPU
		{89BDD95B-D9B2-474A-8612-9FC9DB802C96}.Release|Any CPU.Build.0 = Release|Any CPU
		{9651599C-3083-4FB2-AE11-B5585159B3B9}.Debug|Any CPU.ActiveCfg = Debug|Any CPU
		{9651599C-3083-4FB2-AE11-B5585159B3B9}.Debug|Any CPU.Build.0 = Debug|Any CPU
		{9651599C-3083-4FB2-AE11-B5585159B3B9}.Release|Any CPU.ActiveCfg = Release|Any CPU
		{9651599C-3083-4FB2-AE11-B5585159B3B9}.Release|Any CPU.Build.0 = Release|Any CPU
		{BCA71E4D-C7F2-42DD-A507-ED6DC620FC54}.Debug|Any CPU.ActiveCfg = Debug|Any CPU
		{BCA71E4D-C7F2-42DD-A507-ED6DC620FC54}.Debug|Any CPU.Build.0 = Debug|Any CPU
		{BCA71E4D-C7F2-42DD-A507-ED6DC620FC54}.Release|Any CPU.ActiveCfg = Release|Any CPU
		{BCA71E4D-C7F2-42DD-A507-ED6DC620FC54}.Release|Any CPU.Build.0 = Release|Any CPU
		{00FFC17A-1275-43FE-822D-48742F93967A}.Debug|Any CPU.ActiveCfg = Debug|Any CPU
		{00FFC17A-1275-43FE-822D-48742F93967A}.Debug|Any CPU.Build.0 = Debug|Any CPU
		{00FFC17A-1275-43FE-822D-48742F93967A}.Release|Any CPU.ActiveCfg = Release|Any CPU
		{00FFC17A-1275-43FE-822D-48742F93967A}.Release|Any CPU.Build.0 = Release|Any CPU
		{7AF70E80-43EE-4DAC-8332-644DF1898DF9}.Debug|Any CPU.ActiveCfg = Debug|Any CPU
		{7AF70E80-43EE-4DAC-8332-644DF1898DF9}.Debug|Any CPU.Build.0 = Debug|Any CPU
		{7AF70E80-43EE-4DAC-8332-644DF1898DF9}.Release|Any CPU.ActiveCfg = Release|Any CPU
		{7AF70E80-43EE-4DAC-8332-644DF1898DF9}.Release|Any CPU.Build.0 = Release|Any CPU
		{9853965D-E347-4AB3-9126-9A92981DDAE1}.Debug|Any CPU.ActiveCfg = Debug|Any CPU
		{9853965D-E347-4AB3-9126-9A92981DDAE1}.Debug|Any CPU.Build.0 = Debug|Any CPU
		{9853965D-E347-4AB3-9126-9A92981DDAE1}.Release|Any CPU.ActiveCfg = Release|Any CPU
		{9853965D-E347-4AB3-9126-9A92981DDAE1}.Release|Any CPU.Build.0 = Release|Any CPU
		{084F76CE-F6F0-466C-A38C-F8B4A03230AF}.Debug|Any CPU.ActiveCfg = Debug|Any CPU
		{084F76CE-F6F0-466C-A38C-F8B4A03230AF}.Debug|Any CPU.Build.0 = Debug|Any CPU
		{084F76CE-F6F0-466C-A38C-F8B4A03230AF}.Release|Any CPU.ActiveCfg = Release|Any CPU
		{084F76CE-F6F0-466C-A38C-F8B4A03230AF}.Release|Any CPU.Build.0 = Release|Any CPU
		{8AE9F315-CE72-45CB-9B12-6AF044642C73}.Debug|Any CPU.ActiveCfg = Debug|Any CPU
		{8AE9F315-CE72-45CB-9B12-6AF044642C73}.Debug|Any CPU.Build.0 = Debug|Any CPU
		{8AE9F315-CE72-45CB-9B12-6AF044642C73}.Release|Any CPU.ActiveCfg = Release|Any CPU
		{8AE9F315-CE72-45CB-9B12-6AF044642C73}.Release|Any CPU.Build.0 = Release|Any CPU
		{D0827EB6-BD8B-4FC9-B39D-AD6BDBBB3C5D}.Debug|Any CPU.ActiveCfg = Debug|Any CPU
		{D0827EB6-BD8B-4FC9-B39D-AD6BDBBB3C5D}.Debug|Any CPU.Build.0 = Debug|Any CPU
		{D0827EB6-BD8B-4FC9-B39D-AD6BDBBB3C5D}.Release|Any CPU.ActiveCfg = Release|Any CPU
		{D0827EB6-BD8B-4FC9-B39D-AD6BDBBB3C5D}.Release|Any CPU.Build.0 = Release|Any CPU
		{CB449395-63A8-4D7E-B8FD-560B1F86C6B1}.Debug|Any CPU.ActiveCfg = Debug|Any CPU
		{CB449395-63A8-4D7E-B8FD-560B1F86C6B1}.Debug|Any CPU.Build.0 = Debug|Any CPU
		{CB449395-63A8-4D7E-B8FD-560B1F86C6B1}.Release|Any CPU.ActiveCfg = Release|Any CPU
		{CB449395-63A8-4D7E-B8FD-560B1F86C6B1}.Release|Any CPU.Build.0 = Release|Any CPU
		{A02D3800-564A-46D4-9BD4-6F16FF10DAA3}.Debug|Any CPU.ActiveCfg = Debug|Any CPU
		{A02D3800-564A-46D4-9BD4-6F16FF10DAA3}.Debug|Any CPU.Build.0 = Debug|Any CPU
		{A02D3800-564A-46D4-9BD4-6F16FF10DAA3}.Release|Any CPU.ActiveCfg = Release|Any CPU
		{A02D3800-564A-46D4-9BD4-6F16FF10DAA3}.Release|Any CPU.Build.0 = Release|Any CPU
		{0D20F9A8-4339-4B3F-93DB-1C49C9293F86}.Debug|Any CPU.ActiveCfg = Debug|Any CPU
		{0D20F9A8-4339-4B3F-93DB-1C49C9293F86}.Debug|Any CPU.Build.0 = Debug|Any CPU
		{0D20F9A8-4339-4B3F-93DB-1C49C9293F86}.Release|Any CPU.ActiveCfg = Release|Any CPU
		{0D20F9A8-4339-4B3F-93DB-1C49C9293F86}.Release|Any CPU.Build.0 = Release|Any CPU
		{9788CC2B-5D29-45DE-8D7A-A8538BA3EBCB}.Debug|Any CPU.ActiveCfg = Debug|Any CPU
		{9788CC2B-5D29-45DE-8D7A-A8538BA3EBCB}.Debug|Any CPU.Build.0 = Debug|Any CPU
		{9788CC2B-5D29-45DE-8D7A-A8538BA3EBCB}.Release|Any CPU.ActiveCfg = Release|Any CPU
		{9788CC2B-5D29-45DE-8D7A-A8538BA3EBCB}.Release|Any CPU.Build.0 = Release|Any CPU
		{008E9091-E13A-4E51-A5E5-3EE2E8461A56}.Debug|Any CPU.ActiveCfg = Debug|Any CPU
		{008E9091-E13A-4E51-A5E5-3EE2E8461A56}.Debug|Any CPU.Build.0 = Debug|Any CPU
		{008E9091-E13A-4E51-A5E5-3EE2E8461A56}.Release|Any CPU.ActiveCfg = Release|Any CPU
		{008E9091-E13A-4E51-A5E5-3EE2E8461A56}.Release|Any CPU.Build.0 = Release|Any CPU
		{E7CBC312-0CFF-48E5-8FE9-A79BE78DA3C8}.Debug|Any CPU.ActiveCfg = Debug|Any CPU
		{E7CBC312-0CFF-48E5-8FE9-A79BE78DA3C8}.Debug|Any CPU.Build.0 = Debug|Any CPU
		{E7CBC312-0CFF-48E5-8FE9-A79BE78DA3C8}.Release|Any CPU.ActiveCfg = Release|Any CPU
		{E7CBC312-0CFF-48E5-8FE9-A79BE78DA3C8}.Release|Any CPU.Build.0 = Release|Any CPU
		{3EF26ABC-C5B2-48B3-AE08-29938A82004E}.Debug|Any CPU.ActiveCfg = Debug|Any CPU
		{3EF26ABC-C5B2-48B3-AE08-29938A82004E}.Debug|Any CPU.Build.0 = Debug|Any CPU
		{3EF26ABC-C5B2-48B3-AE08-29938A82004E}.Release|Any CPU.ActiveCfg = Release|Any CPU
		{3EF26ABC-C5B2-48B3-AE08-29938A82004E}.Release|Any CPU.Build.0 = Release|Any CPU
		{42D4907D-3573-4DD3-BF49-AD714EBB415C}.Debug|Any CPU.ActiveCfg = Debug|Any CPU
		{42D4907D-3573-4DD3-BF49-AD714EBB415C}.Debug|Any CPU.Build.0 = Debug|Any CPU
		{42D4907D-3573-4DD3-BF49-AD714EBB415C}.Release|Any CPU.ActiveCfg = Release|Any CPU
		{42D4907D-3573-4DD3-BF49-AD714EBB415C}.Release|Any CPU.Build.0 = Release|Any CPU
		{8C95EE8F-62E7-4A1E-B507-D54DAF5BE627}.Debug|Any CPU.ActiveCfg = Debug|Any CPU
		{8C95EE8F-62E7-4A1E-B507-D54DAF5BE627}.Debug|Any CPU.Build.0 = Debug|Any CPU
		{8C95EE8F-62E7-4A1E-B507-D54DAF5BE627}.Release|Any CPU.ActiveCfg = Release|Any CPU
		{8C95EE8F-62E7-4A1E-B507-D54DAF5BE627}.Release|Any CPU.Build.0 = Release|Any CPU
		{E64793D6-C674-47C2-BE4C-165D51C5A2F4}.Debug|Any CPU.ActiveCfg = Debug|Any CPU
		{E64793D6-C674-47C2-BE4C-165D51C5A2F4}.Debug|Any CPU.Build.0 = Debug|Any CPU
		{E64793D6-C674-47C2-BE4C-165D51C5A2F4}.Release|Any CPU.ActiveCfg = Release|Any CPU
		{E64793D6-C674-47C2-BE4C-165D51C5A2F4}.Release|Any CPU.Build.0 = Release|Any CPU
		{70960381-B9DE-4AFE-9D6F-C5A7324FB243}.Debug|Any CPU.ActiveCfg = Debug|Any CPU
		{70960381-B9DE-4AFE-9D6F-C5A7324FB243}.Debug|Any CPU.Build.0 = Debug|Any CPU
		{70960381-B9DE-4AFE-9D6F-C5A7324FB243}.Release|Any CPU.ActiveCfg = Release|Any CPU
		{70960381-B9DE-4AFE-9D6F-C5A7324FB243}.Release|Any CPU.Build.0 = Release|Any CPU
		{7B51F4C9-0356-4E1A-896A-30AD01633989}.Debug|Any CPU.ActiveCfg = Debug|Any CPU
		{7B51F4C9-0356-4E1A-896A-30AD01633989}.Debug|Any CPU.Build.0 = Debug|Any CPU
		{7B51F4C9-0356-4E1A-896A-30AD01633989}.Release|Any CPU.ActiveCfg = Release|Any CPU
		{7B51F4C9-0356-4E1A-896A-30AD01633989}.Release|Any CPU.Build.0 = Release|Any CPU
		{F84BDB00-2751-495F-80C5-D7FC4B22B2AD}.Debug|Any CPU.ActiveCfg = Debug|Any CPU
		{F84BDB00-2751-495F-80C5-D7FC4B22B2AD}.Debug|Any CPU.Build.0 = Debug|Any CPU
		{F84BDB00-2751-495F-80C5-D7FC4B22B2AD}.Release|Any CPU.ActiveCfg = Release|Any CPU
		{F84BDB00-2751-495F-80C5-D7FC4B22B2AD}.Release|Any CPU.Build.0 = Release|Any CPU
		{2934AD5E-E26F-48AC-A95A-932B13719224}.Debug|Any CPU.ActiveCfg = Debug|Any CPU
		{2934AD5E-E26F-48AC-A95A-932B13719224}.Debug|Any CPU.Build.0 = Debug|Any CPU
		{2934AD5E-E26F-48AC-A95A-932B13719224}.Release|Any CPU.ActiveCfg = Release|Any CPU
		{2934AD5E-E26F-48AC-A95A-932B13719224}.Release|Any CPU.Build.0 = Release|Any CPU
		{7D8E572E-0847-4920-852D-CCA8FADD17BF}.Debug|Any CPU.ActiveCfg = Debug|Any CPU
		{7D8E572E-0847-4920-852D-CCA8FADD17BF}.Debug|Any CPU.Build.0 = Debug|Any CPU
		{7D8E572E-0847-4920-852D-CCA8FADD17BF}.Release|Any CPU.ActiveCfg = Release|Any CPU
		{7D8E572E-0847-4920-852D-CCA8FADD17BF}.Release|Any CPU.Build.0 = Release|Any CPU
		{EF3F4C35-EFB4-4B31-906D-081AFDFD950B}.Debug|Any CPU.ActiveCfg = Debug|Any CPU
		{EF3F4C35-EFB4-4B31-906D-081AFDFD950B}.Debug|Any CPU.Build.0 = Debug|Any CPU
		{EF3F4C35-EFB4-4B31-906D-081AFDFD950B}.Release|Any CPU.ActiveCfg = Release|Any CPU
		{EF3F4C35-EFB4-4B31-906D-081AFDFD950B}.Release|Any CPU.Build.0 = Release|Any CPU
		{C48B7F02-BF2D-4313-8A15-329068BB121C}.Debug|Any CPU.ActiveCfg = Debug|Any CPU
		{C48B7F02-BF2D-4313-8A15-329068BB121C}.Debug|Any CPU.Build.0 = Debug|Any CPU
		{C48B7F02-BF2D-4313-8A15-329068BB121C}.Release|Any CPU.ActiveCfg = Release|Any CPU
		{C48B7F02-BF2D-4313-8A15-329068BB121C}.Release|Any CPU.Build.0 = Release|Any CPU
		{A983F972-8F88-4A49-94FB-46A1D56DEC04}.Debug|Any CPU.ActiveCfg = Debug|Any CPU
		{A983F972-8F88-4A49-94FB-46A1D56DEC04}.Debug|Any CPU.Build.0 = Debug|Any CPU
		{A983F972-8F88-4A49-94FB-46A1D56DEC04}.Release|Any CPU.ActiveCfg = Release|Any CPU
		{A983F972-8F88-4A49-94FB-46A1D56DEC04}.Release|Any CPU.Build.0 = Release|Any CPU
		{8DD14C86-1977-473D-90A8-03A61153DB73}.Debug|Any CPU.ActiveCfg = Debug|Any CPU
		{8DD14C86-1977-473D-90A8-03A61153DB73}.Debug|Any CPU.Build.0 = Debug|Any CPU
		{8DD14C86-1977-473D-90A8-03A61153DB73}.Release|Any CPU.ActiveCfg = Release|Any CPU
		{8DD14C86-1977-473D-90A8-03A61153DB73}.Release|Any CPU.Build.0 = Release|Any CPU
		{FF1E9810-0F77-4A7F-AD51-37095F457927}.Debug|Any CPU.ActiveCfg = Debug|Any CPU
		{FF1E9810-0F77-4A7F-AD51-37095F457927}.Debug|Any CPU.Build.0 = Debug|Any CPU
		{FF1E9810-0F77-4A7F-AD51-37095F457927}.Release|Any CPU.ActiveCfg = Release|Any CPU
		{FF1E9810-0F77-4A7F-AD51-37095F457927}.Release|Any CPU.Build.0 = Release|Any CPU
		{F9EE5403-53C7-46ED-97BE-CB1980AF19A0}.Debug|Any CPU.ActiveCfg = Debug|Any CPU
		{F9EE5403-53C7-46ED-97BE-CB1980AF19A0}.Debug|Any CPU.Build.0 = Debug|Any CPU
		{F9EE5403-53C7-46ED-97BE-CB1980AF19A0}.Release|Any CPU.ActiveCfg = Release|Any CPU
		{F9EE5403-53C7-46ED-97BE-CB1980AF19A0}.Release|Any CPU.Build.0 = Release|Any CPU
		{FD819E22-0340-4C8E-B378-D42465C603F2}.Debug|Any CPU.ActiveCfg = Debug|Any CPU
		{FD819E22-0340-4C8E-B378-D42465C603F2}.Debug|Any CPU.Build.0 = Debug|Any CPU
		{FD819E22-0340-4C8E-B378-D42465C603F2}.Release|Any CPU.ActiveCfg = Release|Any CPU
		{FD819E22-0340-4C8E-B378-D42465C603F2}.Release|Any CPU.Build.0 = Release|Any CPU
		{C7AEFA90-C101-49DC-852A-2158599D230A}.Debug|Any CPU.ActiveCfg = Debug|Any CPU
		{C7AEFA90-C101-49DC-852A-2158599D230A}.Debug|Any CPU.Build.0 = Debug|Any CPU
		{C7AEFA90-C101-49DC-852A-2158599D230A}.Release|Any CPU.ActiveCfg = Release|Any CPU
		{C7AEFA90-C101-49DC-852A-2158599D230A}.Release|Any CPU.Build.0 = Release|Any CPU
		{51514E0D-4A02-4CEB-A4B2-7854DBF9F243}.Debug|Any CPU.ActiveCfg = Debug|Any CPU
		{51514E0D-4A02-4CEB-A4B2-7854DBF9F243}.Debug|Any CPU.Build.0 = Debug|Any CPU
		{51514E0D-4A02-4CEB-A4B2-7854DBF9F243}.Release|Any CPU.ActiveCfg = Release|Any CPU
		{51514E0D-4A02-4CEB-A4B2-7854DBF9F243}.Release|Any CPU.Build.0 = Release|Any CPU
		{4383F831-C92F-4EB7-AF28-4622543BFEBE}.Debug|Any CPU.ActiveCfg = Debug|Any CPU
		{4383F831-C92F-4EB7-AF28-4622543BFEBE}.Debug|Any CPU.Build.0 = Debug|Any CPU
		{4383F831-C92F-4EB7-AF28-4622543BFEBE}.Release|Any CPU.ActiveCfg = Release|Any CPU
		{4383F831-C92F-4EB7-AF28-4622543BFEBE}.Release|Any CPU.Build.0 = Release|Any CPU
		{04BC3C8A-11AB-4CCF-99AE-35DB65CC7D0F}.Debug|Any CPU.ActiveCfg = Debug|Any CPU
		{04BC3C8A-11AB-4CCF-99AE-35DB65CC7D0F}.Debug|Any CPU.Build.0 = Debug|Any CPU
		{04BC3C8A-11AB-4CCF-99AE-35DB65CC7D0F}.Release|Any CPU.ActiveCfg = Release|Any CPU
		{04BC3C8A-11AB-4CCF-99AE-35DB65CC7D0F}.Release|Any CPU.Build.0 = Release|Any CPU
		{C975BFEC-E8DC-487C-859F-24A2C1CC91EC}.Debug|Any CPU.ActiveCfg = Debug|Any CPU
		{C975BFEC-E8DC-487C-859F-24A2C1CC91EC}.Debug|Any CPU.Build.0 = Debug|Any CPU
		{C975BFEC-E8DC-487C-859F-24A2C1CC91EC}.Release|Any CPU.ActiveCfg = Release|Any CPU
		{C975BFEC-E8DC-487C-859F-24A2C1CC91EC}.Release|Any CPU.Build.0 = Release|Any CPU
		{CC191964-6B00-4F87-98B0-E60C8E6D1703}.Debug|Any CPU.ActiveCfg = Debug|Any CPU
		{CC191964-6B00-4F87-98B0-E60C8E6D1703}.Debug|Any CPU.Build.0 = Debug|Any CPU
		{CC191964-6B00-4F87-98B0-E60C8E6D1703}.Release|Any CPU.ActiveCfg = Release|Any CPU
		{CC191964-6B00-4F87-98B0-E60C8E6D1703}.Release|Any CPU.Build.0 = Release|Any CPU
		{26A56BAC-0AC4-4B68-ACE7-2B279762D482}.Debug|Any CPU.ActiveCfg = Debug|Any CPU
		{26A56BAC-0AC4-4B68-ACE7-2B279762D482}.Debug|Any CPU.Build.0 = Debug|Any CPU
		{26A56BAC-0AC4-4B68-ACE7-2B279762D482}.Release|Any CPU.ActiveCfg = Release|Any CPU
		{26A56BAC-0AC4-4B68-ACE7-2B279762D482}.Release|Any CPU.Build.0 = Release|Any CPU
		{A1FFA30D-FCD3-40C4-937B-432BFD91F82D}.Debug|Any CPU.ActiveCfg = Debug|Any CPU
		{A1FFA30D-FCD3-40C4-937B-432BFD91F82D}.Debug|Any CPU.Build.0 = Debug|Any CPU
		{A1FFA30D-FCD3-40C4-937B-432BFD91F82D}.Release|Any CPU.ActiveCfg = Release|Any CPU
		{A1FFA30D-FCD3-40C4-937B-432BFD91F82D}.Release|Any CPU.Build.0 = Release|Any CPU
		{6EC0A99D-7C36-48FF-A3E8-5CEC27E7BB14}.Debug|Any CPU.ActiveCfg = Debug|Any CPU
		{6EC0A99D-7C36-48FF-A3E8-5CEC27E7BB14}.Debug|Any CPU.Build.0 = Debug|Any CPU
		{6EC0A99D-7C36-48FF-A3E8-5CEC27E7BB14}.Release|Any CPU.ActiveCfg = Release|Any CPU
		{6EC0A99D-7C36-48FF-A3E8-5CEC27E7BB14}.Release|Any CPU.Build.0 = Release|Any CPU
		{2225027F-C595-4A57-A20E-3DE74F6A7C0C}.Debug|Any CPU.ActiveCfg = Debug|Any CPU
		{2225027F-C595-4A57-A20E-3DE74F6A7C0C}.Debug|Any CPU.Build.0 = Debug|Any CPU
		{2225027F-C595-4A57-A20E-3DE74F6A7C0C}.Release|Any CPU.ActiveCfg = Release|Any CPU
		{2225027F-C595-4A57-A20E-3DE74F6A7C0C}.Release|Any CPU.Build.0 = Release|Any CPU
		{88D70F17-B1CD-40D8-9489-7790F343E4F1}.Debug|Any CPU.ActiveCfg = Debug|Any CPU
		{88D70F17-B1CD-40D8-9489-7790F343E4F1}.Debug|Any CPU.Build.0 = Debug|Any CPU
		{88D70F17-B1CD-40D8-9489-7790F343E4F1}.Release|Any CPU.ActiveCfg = Release|Any CPU
		{88D70F17-B1CD-40D8-9489-7790F343E4F1}.Release|Any CPU.Build.0 = Release|Any CPU
		{A57E0529-0054-4DF4-8870-2963A4F62447}.Debug|Any CPU.ActiveCfg = Debug|Any CPU
		{A57E0529-0054-4DF4-8870-2963A4F62447}.Debug|Any CPU.Build.0 = Debug|Any CPU
		{A57E0529-0054-4DF4-8870-2963A4F62447}.Release|Any CPU.ActiveCfg = Release|Any CPU
		{A57E0529-0054-4DF4-8870-2963A4F62447}.Release|Any CPU.Build.0 = Release|Any CPU
		{40A08D15-6FBD-478B-BA6B-FC88FECD1D05}.Debug|Any CPU.ActiveCfg = Debug|Any CPU
		{40A08D15-6FBD-478B-BA6B-FC88FECD1D05}.Debug|Any CPU.Build.0 = Debug|Any CPU
		{40A08D15-6FBD-478B-BA6B-FC88FECD1D05}.Release|Any CPU.ActiveCfg = Release|Any CPU
		{40A08D15-6FBD-478B-BA6B-FC88FECD1D05}.Release|Any CPU.Build.0 = Release|Any CPU
		{1748CF3F-3457-405E-BE6C-29F4C9888C05}.Debug|Any CPU.ActiveCfg = Debug|Any CPU
		{1748CF3F-3457-405E-BE6C-29F4C9888C05}.Debug|Any CPU.Build.0 = Debug|Any CPU
		{1748CF3F-3457-405E-BE6C-29F4C9888C05}.Release|Any CPU.ActiveCfg = Release|Any CPU
		{1748CF3F-3457-405E-BE6C-29F4C9888C05}.Release|Any CPU.Build.0 = Release|Any CPU
		{68AC64B0-4612-47F3-A361-DB4D1117BB3C}.Debug|Any CPU.ActiveCfg = Debug|Any CPU
		{68AC64B0-4612-47F3-A361-DB4D1117BB3C}.Debug|Any CPU.Build.0 = Debug|Any CPU
		{68AC64B0-4612-47F3-A361-DB4D1117BB3C}.Release|Any CPU.ActiveCfg = Release|Any CPU
		{68AC64B0-4612-47F3-A361-DB4D1117BB3C}.Release|Any CPU.Build.0 = Release|Any CPU
		{499DCF57-772B-4954-8CA1-0ED825A11921}.Debug|Any CPU.ActiveCfg = Debug|Any CPU
		{499DCF57-772B-4954-8CA1-0ED825A11921}.Debug|Any CPU.Build.0 = Debug|Any CPU
		{499DCF57-772B-4954-8CA1-0ED825A11921}.Release|Any CPU.ActiveCfg = Release|Any CPU
		{499DCF57-772B-4954-8CA1-0ED825A11921}.Release|Any CPU.Build.0 = Release|Any CPU
		{2625B67F-2EEB-4A71-9A1C-9C8511EBDF24}.Debug|Any CPU.ActiveCfg = Debug|Any CPU
		{2625B67F-2EEB-4A71-9A1C-9C8511EBDF24}.Debug|Any CPU.Build.0 = Debug|Any CPU
		{2625B67F-2EEB-4A71-9A1C-9C8511EBDF24}.Release|Any CPU.ActiveCfg = Release|Any CPU
		{2625B67F-2EEB-4A71-9A1C-9C8511EBDF24}.Release|Any CPU.Build.0 = Release|Any CPU
		{1D0C9BD3-7329-47DC-85A8-54E42C0F7AA6}.Debug|Any CPU.ActiveCfg = Debug|Any CPU
		{1D0C9BD3-7329-47DC-85A8-54E42C0F7AA6}.Debug|Any CPU.Build.0 = Debug|Any CPU
		{1D0C9BD3-7329-47DC-85A8-54E42C0F7AA6}.Release|Any CPU.ActiveCfg = Release|Any CPU
		{1D0C9BD3-7329-47DC-85A8-54E42C0F7AA6}.Release|Any CPU.Build.0 = Release|Any CPU
		{7E3BB8D5-93C9-4D4C-BD14-31FF679A449B}.Debug|Any CPU.ActiveCfg = Debug|Any CPU
		{7E3BB8D5-93C9-4D4C-BD14-31FF679A449B}.Debug|Any CPU.Build.0 = Debug|Any CPU
		{7E3BB8D5-93C9-4D4C-BD14-31FF679A449B}.Release|Any CPU.ActiveCfg = Release|Any CPU
		{7E3BB8D5-93C9-4D4C-BD14-31FF679A449B}.Release|Any CPU.Build.0 = Release|Any CPU
		{A07CCB41-4D71-4DD3-AAAF-56D7387961FC}.Debug|Any CPU.ActiveCfg = Debug|Any CPU
		{A07CCB41-4D71-4DD3-AAAF-56D7387961FC}.Debug|Any CPU.Build.0 = Debug|Any CPU
		{A07CCB41-4D71-4DD3-AAAF-56D7387961FC}.Release|Any CPU.ActiveCfg = Release|Any CPU
		{A07CCB41-4D71-4DD3-AAAF-56D7387961FC}.Release|Any CPU.Build.0 = Release|Any CPU
		{67ECCF94-58F7-482C-87DF-7E713B894016}.Debug|Any CPU.ActiveCfg = Debug|Any CPU
		{67ECCF94-58F7-482C-87DF-7E713B894016}.Debug|Any CPU.Build.0 = Debug|Any CPU
		{67ECCF94-58F7-482C-87DF-7E713B894016}.Release|Any CPU.ActiveCfg = Release|Any CPU
		{67ECCF94-58F7-482C-87DF-7E713B894016}.Release|Any CPU.Build.0 = Release|Any CPU
		{D375FAA9-76E3-4B75-9B24-F706A71B25EA}.Debug|Any CPU.ActiveCfg = Debug|Any CPU
		{D375FAA9-76E3-4B75-9B24-F706A71B25EA}.Debug|Any CPU.Build.0 = Debug|Any CPU
		{D375FAA9-76E3-4B75-9B24-F706A71B25EA}.Release|Any CPU.ActiveCfg = Release|Any CPU
		{D375FAA9-76E3-4B75-9B24-F706A71B25EA}.Release|Any CPU.Build.0 = Release|Any CPU
		{76E0F931-E5C6-4E60-9D04-61BFEF7C1BC9}.Debug|Any CPU.ActiveCfg = Debug|Any CPU
		{76E0F931-E5C6-4E60-9D04-61BFEF7C1BC9}.Debug|Any CPU.Build.0 = Debug|Any CPU
		{76E0F931-E5C6-4E60-9D04-61BFEF7C1BC9}.Release|Any CPU.ActiveCfg = Release|Any CPU
		{76E0F931-E5C6-4E60-9D04-61BFEF7C1BC9}.Release|Any CPU.Build.0 = Release|Any CPU
	EndGlobalSection
	GlobalSection(SolutionProperties) = preSolution
		HideSolutionNode = FALSE
	EndGlobalSection
	GlobalSection(ExtensibilityGlobals) = postSolution
		SolutionGuid = {70E2508C-A496-4DC5-A426-452FF0F04352}
	EndGlobalSection
EndGlobal
