
Microsoft Visual Studio Solution File, Format Version 12.00
# Visual Studio Version 17
VisualStudioVersion = 17.2.32630.192
MinimumVisualStudioVersion = 10.0.40219.1
Project("{9A19103F-16F7-4668-BE54-9A1E7A4F7556}") = "R5T.F0080.Construction", "R5T.F0080.Construction\R5T.F0080.Construction.csproj", "{D2F40B78-F7C4-4685-8AB2-1DB08A92353B}"
EndProject
Project("{9A19103F-16F7-4668-BE54-9A1E7A4F7556}") = "R5T.F0080", "R5T.F0080\R5T.F0080.csproj", "{220E8279-8C32-4EC0-BAE5-356A48A7A917}"
EndProject
Project("{2150E333-8FDC-42A3-9474-1A3956D46DE8}") = "_Dependencies", "_Dependencies", "{DE319357-930B-49AB-98C1-8363465956DA}"
EndProject
Project("{9A19103F-16F7-4668-BE54-9A1E7A4F7556}") = "R5T.F0000", "..\..\R5T.F0000\source\R5T.F0000\R5T.F0000.csproj", "{BAAB5322-BC38-44CF-B670-25891E6D6E6C}"
EndProject
Project("{9A19103F-16F7-4668-BE54-9A1E7A4F7556}") = "R5T.F0002", "..\..\R5T.F0002\source\R5T.F0002\R5T.F0002.csproj", "{65715E60-682F-4D43-AF7B-D058C48D3EA9}"
EndProject
Project("{9A19103F-16F7-4668-BE54-9A1E7A4F7556}") = "R5T.F0032", "..\..\R5T.F0032\source\R5T.F0032\R5T.F0032.csproj", "{CF6CDC74-1736-45D1-BC3C-6F0D6E1D4B00}"
EndProject
Project("{9A19103F-16F7-4668-BE54-9A1E7A4F7556}") = "R5T.F0040.F000", "..\..\R5T.F0040\source\R5T.F0040.F000\R5T.F0040.F000.csproj", "{A3A5924B-2575-47E8-B7D9-B8DC6FE74C7E}"
EndProject
Project("{9A19103F-16F7-4668-BE54-9A1E7A4F7556}") = "R5T.F0041", "..\..\R5T.F0041\source\R5T.F0041\R5T.F0041.csproj", "{26F337F9-4C1C-4CE9-AEBC-D419AAB5F58B}"
EndProject
Project("{9A19103F-16F7-4668-BE54-9A1E7A4F7556}") = "R5T.F0042.F001", "..\..\R5T.F0042\source\R5T.F0042.F001\R5T.F0042.F001.csproj", "{8DA24A65-BB55-40E3-B999-1911A29BDA9F}"
EndProject
Project("{9A19103F-16F7-4668-BE54-9A1E7A4F7556}") = "R5T.F0042", "..\..\R5T.F0042\source\R5T.F0042\R5T.F0042.csproj", "{726143D7-E896-41D2-8ECF-790EADD9BFD2}"
EndProject
Project("{9A19103F-16F7-4668-BE54-9A1E7A4F7556}") = "R5T.F0044", "..\..\R5T.F0044\source\R5T.F0044\R5T.F0044.csproj", "{8989309C-1C02-49F7-B6A8-017724D4A380}"
EndProject
Project("{9A19103F-16F7-4668-BE54-9A1E7A4F7556}") = "R5T.F0046", "..\..\R5T.F0046\source\R5T.F0046\R5T.F0046.csproj", "{90DC7ED7-0180-4D27-BBB1-8365E48A9FDB}"
EndProject
Project("{9A19103F-16F7-4668-BE54-9A1E7A4F7556}") = "R5T.F0047", "..\..\R5T.F0047\source\R5T.F0047\R5T.F0047.csproj", "{0F2F978B-7724-46D2-91DD-3E4E5FF100C4}"
EndProject
Project("{9A19103F-16F7-4668-BE54-9A1E7A4F7556}") = "R5T.F0048", "..\..\R5T.F0048\source\R5T.F0048\R5T.F0048.csproj", "{BB6F09D4-C2C1-4153-B56A-07309F826B72}"
EndProject
Project("{9A19103F-16F7-4668-BE54-9A1E7A4F7556}") = "R5T.F0050", "..\..\R5T.F0050\source\R5T.F0050\R5T.F0050.csproj", "{ADCBE94C-A0CE-4822-86C8-9801EB1394EC}"
EndProject
Project("{9A19103F-16F7-4668-BE54-9A1E7A4F7556}") = "R5T.F0052", "..\..\R5T.F0052\source\R5T.F0052\R5T.F0052.csproj", "{8FFA0F59-8828-40E1-8ABE-8BAA6BB61A43}"
EndProject
Project("{9A19103F-16F7-4668-BE54-9A1E7A4F7556}") = "R5T.F0053", "..\..\R5T.F0053\source\R5T.F0053\R5T.F0053.csproj", "{EB350E74-D119-46B5-8398-448A4BE4858B}"
EndProject
Project("{9A19103F-16F7-4668-BE54-9A1E7A4F7556}") = "R5T.F0054", "..\..\R5T.F0054\source\R5T.F0054\R5T.F0054.csproj", "{A2312CF7-725F-44D0-A722-5300086B5C40}"
EndProject
Project("{9A19103F-16F7-4668-BE54-9A1E7A4F7556}") = "R5T.F0055", "..\..\R5T.F0055\source\R5T.F0055\R5T.F0055.csproj", "{625333A5-5E4D-434F-A791-33FA560291AD}"
EndProject
Project("{9A19103F-16F7-4668-BE54-9A1E7A4F7556}") = "R5T.F0057", "..\..\R5T.F0057\source\R5T.F0057\R5T.F0057.csproj", "{3A91E8B6-4D02-41F2-8C94-B1215E320700}"
EndProject
Project("{9A19103F-16F7-4668-BE54-9A1E7A4F7556}") = "R5T.F0059", "..\..\R5T.F0059\source\R5T.F0059\R5T.F0059.csproj", "{064A721B-3355-49EB-A95C-B06FA357B183}"
EndProject
Project("{9A19103F-16F7-4668-BE54-9A1E7A4F7556}") = "R5T.F0089", "..\..\R5T.F0089\source\R5T.F0089\R5T.F0089.csproj", "{9FEF39D0-C248-43BA-AA64-C7119B73FF65}"
EndProject
Project("{9A19103F-16F7-4668-BE54-9A1E7A4F7556}") = "R5T.F0091", "..\..\R5T.F0091\source\R5T.F0091\R5T.F0091.csproj", "{60744A87-C8F7-44EF-85D6-F4B5F375ECA8}"
EndProject
Project("{9A19103F-16F7-4668-BE54-9A1E7A4F7556}") = "R5T.F0120", "..\..\R5T.F0120\source\R5T.F0120\R5T.F0120.csproj", "{1A2018CC-9BB3-479F-9A22-BC36204BA696}"
EndProject
Project("{9A19103F-16F7-4668-BE54-9A1E7A4F7556}") = "R5T.F0124", "..\..\R5T.F0124\source\R5T.F0124\R5T.F0124.csproj", "{163C9ABA-8FDB-4456-9E4A-C6990DD55D14}"
EndProject
Project("{9A19103F-16F7-4668-BE54-9A1E7A4F7556}") = "R5T.L0026.T000", "..\..\R5T.L0026\source\R5T.L0026.T000\R5T.L0026.T000.csproj", "{59BAC1FD-9C8B-4C98-B104-B0FCEC770026}"
EndProject
Project("{9A19103F-16F7-4668-BE54-9A1E7A4F7556}") = "R5T.L0053", "..\..\R5T.L0053\source\R5T.L0053\R5T.L0053.csproj", "{44F3CDFB-344A-4928-9220-66AEBB25C136}"
EndProject
Project("{9A19103F-16F7-4668-BE54-9A1E7A4F7556}") = "R5T.L0066", "..\..\R5T.L0066\source\R5T.L0066\R5T.L0066.csproj", "{B582A16F-770F-4B4B-A81C-F8CF2CFD870D}"
EndProject
Project("{9A19103F-16F7-4668-BE54-9A1E7A4F7556}") = "R5T.L0071", "..\..\R5T.L0071\source\R5T.L0071\R5T.L0071.csproj", "{2C014353-2D1A-407B-946A-8362DBB7CA5E}"
EndProject
Project("{9A19103F-16F7-4668-BE54-9A1E7A4F7556}") = "R5T.L0072", "..\..\R5T.L0072\source\R5T.L0072\R5T.L0072.csproj", "{4DC282D3-3121-40D0-9A62-A80C2A422755}"
EndProject
Project("{9A19103F-16F7-4668-BE54-9A1E7A4F7556}") = "R5T.L0083.F001", "..\..\R5T.L0083\source\R5T.L0083.F001\R5T.L0083.F001.csproj", "{91E464AB-BD9A-4D0E-ABE9-99185FD09206}"
EndProject
Project("{9A19103F-16F7-4668-BE54-9A1E7A4F7556}") = "R5T.L0089.F000", "..\..\R5T.L0089\source\R5T.L0089.F000\R5T.L0089.F000.csproj", "{0DBAC92F-6A1B-4F85-8977-DC91323A262D}"
EndProject
Project("{9A19103F-16F7-4668-BE54-9A1E7A4F7556}") = "R5T.L0089.T000", "..\..\R5T.L0089\source\R5T.L0089.T000\R5T.L0089.T000.csproj", "{B5E1071A-2754-45C9-B76B-0385CD1D5DCB}"
EndProject
Project("{9A19103F-16F7-4668-BE54-9A1E7A4F7556}") = "R5T.L0089", "..\..\R5T.L0089\source\R5T.L0089\R5T.L0089.csproj", "{F237E730-F3F6-4686-B32F-021B7DE6BB0D}"
EndProject
Project("{9A19103F-16F7-4668-BE54-9A1E7A4F7556}") = "R5T.NG0005", "..\..\R5T.NG0005\source\R5T.NG0005\R5T.NG0005.csproj", "{948C0D1F-BD8A-4C2C-A69A-DE8ABCD09971}"
EndProject
Project("{9A19103F-16F7-4668-BE54-9A1E7A4F7556}") = "R5T.NG0006", "..\..\R5T.NG0006\source\R5T.NG0006\R5T.NG0006.csproj", "{8EEE35ED-87B7-42A0-8353-89E7E7A7CDA2}"
EndProject
Project("{9A19103F-16F7-4668-BE54-9A1E7A4F7556}") = "R5T.NG0008", "..\..\R5T.NG0008\source\R5T.NG0008\R5T.NG0008.csproj", "{4347B8EB-6CAB-41E0-A461-A918F8FAC38F}"
EndProject
Project("{9A19103F-16F7-4668-BE54-9A1E7A4F7556}") = "R5T.NG0022", "..\..\R5T.NG0022\source\R5T.NG0022\R5T.NG0022.csproj", "{09976D49-8D47-4B7C-9D77-928F2C87AC2C}"
EndProject
Project("{9A19103F-16F7-4668-BE54-9A1E7A4F7556}") = "R5T.NG0023", "..\..\R5T.NG0023\source\R5T.NG0023\R5T.NG0023.csproj", "{76806438-67F5-4E3D-8189-16AFAEF0FBC0}"
EndProject
Project("{9A19103F-16F7-4668-BE54-9A1E7A4F7556}") = "R5T.T0046", "..\..\R5T.T0046\source\R5T.T0046\R5T.T0046.csproj", "{C270F3A8-7D5C-4CD2-9A25-44E32B090EAB}"
EndProject
Project("{9A19103F-16F7-4668-BE54-9A1E7A4F7556}") = "R5T.T0131", "..\..\R5T.T0131\source\R5T.T0131\R5T.T0131.csproj", "{10FA9C13-C419-414B-AEE2-D9573DFC96E5}"
EndProject
Project("{9A19103F-16F7-4668-BE54-9A1E7A4F7556}") = "R5T.T0132", "..\..\R5T.T0132\source\R5T.T0132\R5T.T0132.csproj", "{B43F6CC6-9F66-4EAE-8C8B-C6032A10EB9F}"
EndProject
Project("{9A19103F-16F7-4668-BE54-9A1E7A4F7556}") = "R5T.T0142", "..\..\R5T.T0142\source\R5T.T0142\R5T.T0142.csproj", "{562C9F56-0D82-427F-A809-D988958DD9CB}"
EndProject
Project("{9A19103F-16F7-4668-BE54-9A1E7A4F7556}") = "R5T.T0143", "..\..\R5T.T0143\source\R5T.T0143\R5T.T0143.csproj", "{68FE3987-A499-47AD-8330-DA6502B90351}"
EndProject
Project("{9A19103F-16F7-4668-BE54-9A1E7A4F7556}") = "R5T.T0144", "..\..\R5T.T0144\source\R5T.T0144\R5T.T0144.csproj", "{A65356E6-C354-47DB-A624-D2D65ABFC38D}"
EndProject
Project("{9A19103F-16F7-4668-BE54-9A1E7A4F7556}") = "R5T.T0153", "..\..\R5T.T0153\source\R5T.T0153\R5T.T0153.csproj", "{8178F8D7-92C5-40C0-A3B8-3C329A23EA94}"
EndProject
Project("{9A19103F-16F7-4668-BE54-9A1E7A4F7556}") = "R5T.T0156", "..\..\R5T.T0156\source\R5T.T0156\R5T.T0156.csproj", "{EE6815CC-3982-4E9E-BC1A-746593C1C7C6}"
EndProject
Project("{9A19103F-16F7-4668-BE54-9A1E7A4F7556}") = "R5T.T0174", "..\..\R5T.T0174\source\R5T.T0174\R5T.T0174.csproj", "{C36AE472-E388-47D0-A60C-9748FB732093}"
EndProject
Project("{9A19103F-16F7-4668-BE54-9A1E7A4F7556}") = "R5T.T0176", "..\..\R5T.T0176\source\R5T.T0176\R5T.T0176.csproj", "{84A05179-2B91-4BAA-8351-55615C041FB3}"
EndProject
Project("{9A19103F-16F7-4668-BE54-9A1E7A4F7556}") = "R5T.T0177", "..\..\R5T.T0177\source\R5T.T0177\R5T.T0177.csproj", "{5E783A2A-3FB4-4254-AA19-661021152167}"
EndProject
Project("{9A19103F-16F7-4668-BE54-9A1E7A4F7556}") = "R5T.T0178", "..\..\R5T.T0178\source\R5T.T0178\R5T.T0178.csproj", "{592829D0-1556-4936-BFEA-17C96D1FBE0D}"
EndProject
Project("{9A19103F-16F7-4668-BE54-9A1E7A4F7556}") = "R5T.T0179", "..\..\R5T.T0179\source\R5T.T0179\R5T.T0179.csproj", "{3230F552-80D8-499E-AC75-5DB52B108A12}"
EndProject
Project("{9A19103F-16F7-4668-BE54-9A1E7A4F7556}") = "R5T.T0180", "..\..\R5T.T0180\source\R5T.T0180\R5T.T0180.csproj", "{8D3ECDD0-D0D3-4600-8CCE-B9D93F5ABAA9}"
EndProject
Project("{9A19103F-16F7-4668-BE54-9A1E7A4F7556}") = "R5T.T0181", "..\..\R5T.T0181\source\R5T.T0181\R5T.T0181.csproj", "{33D112D2-6A92-4E3C-A9E1-E7467F3F6BD9}"
EndProject
Project("{9A19103F-16F7-4668-BE54-9A1E7A4F7556}") = "R5T.T0185", "..\..\R5T.T0185\source\R5T.T0185\R5T.T0185.csproj", "{30BA4EA1-9C71-4970-A0BF-ADC151897D0B}"
EndProject
Project("{9A19103F-16F7-4668-BE54-9A1E7A4F7556}") = "R5T.T0188", "..\..\R5T.T0188\source\R5T.T0188\R5T.T0188.csproj", "{DF52AED2-03A0-4E52-AF2D-E5061A6CAF0D}"
EndProject
Project("{9A19103F-16F7-4668-BE54-9A1E7A4F7556}") = "R5T.T0199.T000", "..\..\R5T.T0199\source\R5T.T0199.T000\R5T.T0199.T000.csproj", "{1BF42424-5667-419E-A906-74B6A346719A}"
EndProject
Project("{9A19103F-16F7-4668-BE54-9A1E7A4F7556}") = "R5T.T0199.T001", "..\..\R5T.T0199\source\R5T.T0199.T001\R5T.T0199.T001.csproj", "{0DDD5E8F-94D7-41F3-A1BA-CD77B43206FD}"
EndProject
Project("{9A19103F-16F7-4668-BE54-9A1E7A4F7556}") = "R5T.T0199", "..\..\R5T.T0199\source\R5T.T0199\R5T.T0199.csproj", "{4E837921-330F-41A1-9A20-F7BA19F68C20}"
EndProject
Project("{9A19103F-16F7-4668-BE54-9A1E7A4F7556}") = "R5T.T0209", "..\..\R5T.T0209\source\R5T.T0209\R5T.T0209.csproj", "{9CA68389-D3E6-4A0E-813A-68BE180A2967}"
EndProject
Project("{9A19103F-16F7-4668-BE54-9A1E7A4F7556}") = "R5T.T0220", "..\..\R5T.T0220\source\R5T.T0220\R5T.T0220.csproj", "{5B883DC1-EF03-41D2-BA9B-B05859508963}"
EndProject
Project("{9A19103F-16F7-4668-BE54-9A1E7A4F7556}") = "R5T.T0221", "..\..\R5T.T0221\source\R5T.T0221\R5T.T0221.csproj", "{CE838BAD-E066-494B-A51C-CB201842AF8B}"
EndProject
Project("{9A19103F-16F7-4668-BE54-9A1E7A4F7556}") = "R5T.T0240", "..\..\R5T.T0240\source\R5T.T0240\R5T.T0240.csproj", "{475A6CD6-3321-4125-A8D4-0237B08AD1A3}"
EndProject
Project("{9A19103F-16F7-4668-BE54-9A1E7A4F7556}") = "R5T.T0241", "..\..\R5T.T0241\source\R5T.T0241\R5T.T0241.csproj", "{FA0DD30F-9533-4129-9243-5741B1319780}"
EndProject
Project("{9A19103F-16F7-4668-BE54-9A1E7A4F7556}") = "R5T.Y0000", "..\..\R5T.Y0000\source\R5T.Y0000\R5T.Y0000.csproj", "{B4C20246-8631-488B-8762-665E235861D2}"
EndProject
Project("{9A19103F-16F7-4668-BE54-9A1E7A4F7556}") = "R5T.Y0004", "..\..\R5T.Y0004\source\R5T.Y0004\R5T.Y0004.csproj", "{E7230B41-8336-4FD1-BF4A-0D8BFAA10BE1}"
EndProject
Project("{9A19103F-16F7-4668-BE54-9A1E7A4F7556}") = "R5T.Y0006", "..\..\R5T.Y0006\source\R5T.Y0006\R5T.Y0006.csproj", "{FCB276D6-7536-4672-91E5-9AF00697EAD6}"
EndProject
Project("{9A19103F-16F7-4668-BE54-9A1E7A4F7556}") = "R5T.Z0000", "..\..\R5T.Z0000\source\R5T.Z0000\R5T.Z0000.csproj", "{30E2F5EA-B510-4742-9A4B-D173C1147675}"
EndProject
Project("{9A19103F-16F7-4668-BE54-9A1E7A4F7556}") = "R5T.Z0007", "..\..\R5T.Z0007\source\R5T.Z0007\R5T.Z0007.csproj", "{00A4FEBE-A163-473A-B217-11E775C6E444}"
EndProject
Project("{9A19103F-16F7-4668-BE54-9A1E7A4F7556}") = "R5T.Z0010.Platform", "..\..\R5T.Z0010\source\R5T.Z0010.Platform\R5T.Z0010.Platform.csproj", "{1BB5EEB5-D9A2-49AE-94AC-FD0CE6A63135}"
EndProject
Project("{9A19103F-16F7-4668-BE54-9A1E7A4F7556}") = "R5T.Z0013", "..\..\R5T.Z0013\source\R5T.Z0013\R5T.Z0013.csproj", "{46C4792A-F5EC-4471-A38E-23B328E8B93F}"
EndProject
Project("{9A19103F-16F7-4668-BE54-9A1E7A4F7556}") = "R5T.Z0036.Z000", "..\..\R5T.Z0036\source\R5T.Z0036.Z000\R5T.Z0036.Z000.csproj", "{97F944A4-A1D7-48CF-A580-1D49E0D4A68A}"
EndProject
Project("{9A19103F-16F7-4668-BE54-9A1E7A4F7556}") = "R5T.Z0036", "..\..\R5T.Z0036\source\R5T.Z0036\R5T.Z0036.csproj", "{C5845159-10F9-46B4-A716-F0812DC43973}"
EndProject
Global
	GlobalSection(NestedProjects) = preSolution
		{BAAB5322-BC38-44CF-B670-25891E6D6E6C} = {DE319357-930B-49AB-98C1-8363465956DA}
		{65715E60-682F-4D43-AF7B-D058C48D3EA9} = {DE319357-930B-49AB-98C1-8363465956DA}
		{CF6CDC74-1736-45D1-BC3C-6F0D6E1D4B00} = {DE319357-930B-49AB-98C1-8363465956DA}
		{A3A5924B-2575-47E8-B7D9-B8DC6FE74C7E} = {DE319357-930B-49AB-98C1-8363465956DA}
		{26F337F9-4C1C-4CE9-AEBC-D419AAB5F58B} = {DE319357-930B-49AB-98C1-8363465956DA}
		{8DA24A65-BB55-40E3-B999-1911A29BDA9F} = {DE319357-930B-49AB-98C1-8363465956DA}
		{726143D7-E896-41D2-8ECF-790EADD9BFD2} = {DE319357-930B-49AB-98C1-8363465956DA}
		{8989309C-1C02-49F7-B6A8-017724D4A380} = {DE319357-930B-49AB-98C1-8363465956DA}
		{90DC7ED7-0180-4D27-BBB1-8365E48A9FDB} = {DE319357-930B-49AB-98C1-8363465956DA}
		{0F2F978B-7724-46D2-91DD-3E4E5FF100C4} = {DE319357-930B-49AB-98C1-8363465956DA}
		{BB6F09D4-C2C1-4153-B56A-07309F826B72} = {DE319357-930B-49AB-98C1-8363465956DA}
		{ADCBE94C-A0CE-4822-86C8-9801EB1394EC} = {DE319357-930B-49AB-98C1-8363465956DA}
		{8FFA0F59-8828-40E1-8ABE-8BAA6BB61A43} = {DE319357-930B-49AB-98C1-8363465956DA}
		{EB350E74-D119-46B5-8398-448A4BE4858B} = {DE319357-930B-49AB-98C1-8363465956DA}
		{A2312CF7-725F-44D0-A722-5300086B5C40} = {DE319357-930B-49AB-98C1-8363465956DA}
		{625333A5-5E4D-434F-A791-33FA560291AD} = {DE319357-930B-49AB-98C1-8363465956DA}
		{3A91E8B6-4D02-41F2-8C94-B1215E320700} = {DE319357-930B-49AB-98C1-8363465956DA}
		{064A721B-3355-49EB-A95C-B06FA357B183} = {DE319357-930B-49AB-98C1-8363465956DA}
		{9FEF39D0-C248-43BA-AA64-C7119B73FF65} = {DE319357-930B-49AB-98C1-8363465956DA}
		{60744A87-C8F7-44EF-85D6-F4B5F375ECA8} = {DE319357-930B-49AB-98C1-8363465956DA}
		{1A2018CC-9BB3-479F-9A22-BC36204BA696} = {DE319357-930B-49AB-98C1-8363465956DA}
		{163C9ABA-8FDB-4456-9E4A-C6990DD55D14} = {DE319357-930B-49AB-98C1-8363465956DA}
		{59BAC1FD-9C8B-4C98-B104-B0FCEC770026} = {DE319357-930B-49AB-98C1-8363465956DA}
		{44F3CDFB-344A-4928-9220-66AEBB25C136} = {DE319357-930B-49AB-98C1-8363465956DA}
		{B582A16F-770F-4B4B-A81C-F8CF2CFD870D} = {DE319357-930B-49AB-98C1-8363465956DA}
		{2C014353-2D1A-407B-946A-8362DBB7CA5E} = {DE319357-930B-49AB-98C1-8363465956DA}
		{4DC282D3-3121-40D0-9A62-A80C2A422755} = {DE319357-930B-49AB-98C1-8363465956DA}
		{91E464AB-BD9A-4D0E-ABE9-99185FD09206} = {DE319357-930B-49AB-98C1-8363465956DA}
		{0DBAC92F-6A1B-4F85-8977-DC91323A262D} = {DE319357-930B-49AB-98C1-8363465956DA}
		{B5E1071A-2754-45C9-B76B-0385CD1D5DCB} = {DE319357-930B-49AB-98C1-8363465956DA}
		{F237E730-F3F6-4686-B32F-021B7DE6BB0D} = {DE319357-930B-49AB-98C1-8363465956DA}
		{948C0D1F-BD8A-4C2C-A69A-DE8ABCD09971} = {DE319357-930B-49AB-98C1-8363465956DA}
		{8EEE35ED-87B7-42A0-8353-89E7E7A7CDA2} = {DE319357-930B-49AB-98C1-8363465956DA}
		{4347B8EB-6CAB-41E0-A461-A918F8FAC38F} = {DE319357-930B-49AB-98C1-8363465956DA}
		{09976D49-8D47-4B7C-9D77-928F2C87AC2C} = {DE319357-930B-49AB-98C1-8363465956DA}
		{76806438-67F5-4E3D-8189-16AFAEF0FBC0} = {DE319357-930B-49AB-98C1-8363465956DA}
		{C270F3A8-7D5C-4CD2-9A25-44E32B090EAB} = {DE319357-930B-49AB-98C1-8363465956DA}
		{10FA9C13-C419-414B-AEE2-D9573DFC96E5} = {DE319357-930B-49AB-98C1-8363465956DA}
		{B43F6CC6-9F66-4EAE-8C8B-C6032A10EB9F} = {DE319357-930B-49AB-98C1-8363465956DA}
		{562C9F56-0D82-427F-A809-D988958DD9CB} = {DE319357-930B-49AB-98C1-8363465956DA}
		{68FE3987-A499-47AD-8330-DA6502B90351} = {DE319357-930B-49AB-98C1-8363465956DA}
		{A65356E6-C354-47DB-A624-D2D65ABFC38D} = {DE319357-930B-49AB-98C1-8363465956DA}
		{8178F8D7-92C5-40C0-A3B8-3C329A23EA94} = {DE319357-930B-49AB-98C1-8363465956DA}
		{EE6815CC-3982-4E9E-BC1A-746593C1C7C6} = {DE319357-930B-49AB-98C1-8363465956DA}
		{C36AE472-E388-47D0-A60C-9748FB732093} = {DE319357-930B-49AB-98C1-8363465956DA}
		{84A05179-2B91-4BAA-8351-55615C041FB3} = {DE319357-930B-49AB-98C1-8363465956DA}
		{5E783A2A-3FB4-4254-AA19-661021152167} = {DE319357-930B-49AB-98C1-8363465956DA}
		{592829D0-1556-4936-BFEA-17C96D1FBE0D} = {DE319357-930B-49AB-98C1-8363465956DA}
		{3230F552-80D8-499E-AC75-5DB52B108A12} = {DE319357-930B-49AB-98C1-8363465956DA}
		{8D3ECDD0-D0D3-4600-8CCE-B9D93F5ABAA9} = {DE319357-930B-49AB-98C1-8363465956DA}
		{33D112D2-6A92-4E3C-A9E1-E7467F3F6BD9} = {DE319357-930B-49AB-98C1-8363465956DA}
		{30BA4EA1-9C71-4970-A0BF-ADC151897D0B} = {DE319357-930B-49AB-98C1-8363465956DA}
		{DF52AED2-03A0-4E52-AF2D-E5061A6CAF0D} = {DE319357-930B-49AB-98C1-8363465956DA}
		{1BF42424-5667-419E-A906-74B6A346719A} = {DE319357-930B-49AB-98C1-8363465956DA}
		{0DDD5E8F-94D7-41F3-A1BA-CD77B43206FD} = {DE319357-930B-49AB-98C1-8363465956DA}
		{4E837921-330F-41A1-9A20-F7BA19F68C20} = {DE319357-930B-49AB-98C1-8363465956DA}
		{9CA68389-D3E6-4A0E-813A-68BE180A2967} = {DE319357-930B-49AB-98C1-8363465956DA}
		{5B883DC1-EF03-41D2-BA9B-B05859508963} = {DE319357-930B-49AB-98C1-8363465956DA}
		{CE838BAD-E066-494B-A51C-CB201842AF8B} = {DE319357-930B-49AB-98C1-8363465956DA}
		{475A6CD6-3321-4125-A8D4-0237B08AD1A3} = {DE319357-930B-49AB-98C1-8363465956DA}
		{FA0DD30F-9533-4129-9243-5741B1319780} = {DE319357-930B-49AB-98C1-8363465956DA}
		{B4C20246-8631-488B-8762-665E235861D2} = {DE319357-930B-49AB-98C1-8363465956DA}
		{E7230B41-8336-4FD1-BF4A-0D8BFAA10BE1} = {DE319357-930B-49AB-98C1-8363465956DA}
		{FCB276D6-7536-4672-91E5-9AF00697EAD6} = {DE319357-930B-49AB-98C1-8363465956DA}
		{30E2F5EA-B510-4742-9A4B-D173C1147675} = {DE319357-930B-49AB-98C1-8363465956DA}
		{00A4FEBE-A163-473A-B217-11E775C6E444} = {DE319357-930B-49AB-98C1-8363465956DA}
		{1BB5EEB5-D9A2-49AE-94AC-FD0CE6A63135} = {DE319357-930B-49AB-98C1-8363465956DA}
		{46C4792A-F5EC-4471-A38E-23B328E8B93F} = {DE319357-930B-49AB-98C1-8363465956DA}
		{97F944A4-A1D7-48CF-A580-1D49E0D4A68A} = {DE319357-930B-49AB-98C1-8363465956DA}
		{C5845159-10F9-46B4-A716-F0812DC43973} = {DE319357-930B-49AB-98C1-8363465956DA}
	EndGlobalSection
	GlobalSection(SolutionConfigurationPlatforms) = preSolution
		Debug|Any CPU = Debug|Any CPU
		Release|Any CPU = Release|Any CPU
	EndGlobalSection
	GlobalSection(ProjectConfigurationPlatforms) = postSolution
		{D2F40B78-F7C4-4685-8AB2-1DB08A92353B}.Debug|Any CPU.ActiveCfg = Debug|Any CPU
		{D2F40B78-F7C4-4685-8AB2-1DB08A92353B}.Debug|Any CPU.Build.0 = Debug|Any CPU
		{D2F40B78-F7C4-4685-8AB2-1DB08A92353B}.Release|Any CPU.ActiveCfg = Release|Any CPU
		{D2F40B78-F7C4-4685-8AB2-1DB08A92353B}.Release|Any CPU.Build.0 = Release|Any CPU
		{220E8279-8C32-4EC0-BAE5-356A48A7A917}.Debug|Any CPU.ActiveCfg = Debug|Any CPU
		{220E8279-8C32-4EC0-BAE5-356A48A7A917}.Debug|Any CPU.Build.0 = Debug|Any CPU
		{220E8279-8C32-4EC0-BAE5-356A48A7A917}.Release|Any CPU.ActiveCfg = Release|Any CPU
		{220E8279-8C32-4EC0-BAE5-356A48A7A917}.Release|Any CPU.Build.0 = Release|Any CPU
		{BAAB5322-BC38-44CF-B670-25891E6D6E6C}.Debug|Any CPU.ActiveCfg = Debug|Any CPU
		{BAAB5322-BC38-44CF-B670-25891E6D6E6C}.Debug|Any CPU.Build.0 = Debug|Any CPU
		{BAAB5322-BC38-44CF-B670-25891E6D6E6C}.Release|Any CPU.ActiveCfg = Release|Any CPU
		{BAAB5322-BC38-44CF-B670-25891E6D6E6C}.Release|Any CPU.Build.0 = Release|Any CPU
		{65715E60-682F-4D43-AF7B-D058C48D3EA9}.Debug|Any CPU.ActiveCfg = Debug|Any CPU
		{65715E60-682F-4D43-AF7B-D058C48D3EA9}.Debug|Any CPU.Build.0 = Debug|Any CPU
		{65715E60-682F-4D43-AF7B-D058C48D3EA9}.Release|Any CPU.ActiveCfg = Release|Any CPU
		{65715E60-682F-4D43-AF7B-D058C48D3EA9}.Release|Any CPU.Build.0 = Release|Any CPU
		{CF6CDC74-1736-45D1-BC3C-6F0D6E1D4B00}.Debug|Any CPU.ActiveCfg = Debug|Any CPU
		{CF6CDC74-1736-45D1-BC3C-6F0D6E1D4B00}.Debug|Any CPU.Build.0 = Debug|Any CPU
		{CF6CDC74-1736-45D1-BC3C-6F0D6E1D4B00}.Release|Any CPU.ActiveCfg = Release|Any CPU
		{CF6CDC74-1736-45D1-BC3C-6F0D6E1D4B00}.Release|Any CPU.Build.0 = Release|Any CPU
		{A3A5924B-2575-47E8-B7D9-B8DC6FE74C7E}.Debug|Any CPU.ActiveCfg = Debug|Any CPU
		{A3A5924B-2575-47E8-B7D9-B8DC6FE74C7E}.Debug|Any CPU.Build.0 = Debug|Any CPU
		{A3A5924B-2575-47E8-B7D9-B8DC6FE74C7E}.Release|Any CPU.ActiveCfg = Release|Any CPU
		{A3A5924B-2575-47E8-B7D9-B8DC6FE74C7E}.Release|Any CPU.Build.0 = Release|Any CPU
		{26F337F9-4C1C-4CE9-AEBC-D419AAB5F58B}.Debug|Any CPU.ActiveCfg = Debug|Any CPU
		{26F337F9-4C1C-4CE9-AEBC-D419AAB5F58B}.Debug|Any CPU.Build.0 = Debug|Any CPU
		{26F337F9-4C1C-4CE9-AEBC-D419AAB5F58B}.Release|Any CPU.ActiveCfg = Release|Any CPU
		{26F337F9-4C1C-4CE9-AEBC-D419AAB5F58B}.Release|Any CPU.Build.0 = Release|Any CPU
		{8DA24A65-BB55-40E3-B999-1911A29BDA9F}.Debug|Any CPU.ActiveCfg = Debug|Any CPU
		{8DA24A65-BB55-40E3-B999-1911A29BDA9F}.Debug|Any CPU.Build.0 = Debug|Any CPU
		{8DA24A65-BB55-40E3-B999-1911A29BDA9F}.Release|Any CPU.ActiveCfg = Release|Any CPU
		{8DA24A65-BB55-40E3-B999-1911A29BDA9F}.Release|Any CPU.Build.0 = Release|Any CPU
		{726143D7-E896-41D2-8ECF-790EADD9BFD2}.Debug|Any CPU.ActiveCfg = Debug|Any CPU
		{726143D7-E896-41D2-8ECF-790EADD9BFD2}.Debug|Any CPU.Build.0 = Debug|Any CPU
		{726143D7-E896-41D2-8ECF-790EADD9BFD2}.Release|Any CPU.ActiveCfg = Release|Any CPU
		{726143D7-E896-41D2-8ECF-790EADD9BFD2}.Release|Any CPU.Build.0 = Release|Any CPU
		{8989309C-1C02-49F7-B6A8-017724D4A380}.Debug|Any CPU.ActiveCfg = Debug|Any CPU
		{8989309C-1C02-49F7-B6A8-017724D4A380}.Debug|Any CPU.Build.0 = Debug|Any CPU
		{8989309C-1C02-49F7-B6A8-017724D4A380}.Release|Any CPU.ActiveCfg = Release|Any CPU
		{8989309C-1C02-49F7-B6A8-017724D4A380}.Release|Any CPU.Build.0 = Release|Any CPU
		{90DC7ED7-0180-4D27-BBB1-8365E48A9FDB}.Debug|Any CPU.ActiveCfg = Debug|Any CPU
		{90DC7ED7-0180-4D27-BBB1-8365E48A9FDB}.Debug|Any CPU.Build.0 = Debug|Any CPU
		{90DC7ED7-0180-4D27-BBB1-8365E48A9FDB}.Release|Any CPU.ActiveCfg = Release|Any CPU
		{90DC7ED7-0180-4D27-BBB1-8365E48A9FDB}.Release|Any CPU.Build.0 = Release|Any CPU
		{0F2F978B-7724-46D2-91DD-3E4E5FF100C4}.Debug|Any CPU.ActiveCfg = Debug|Any CPU
		{0F2F978B-7724-46D2-91DD-3E4E5FF100C4}.Debug|Any CPU.Build.0 = Debug|Any CPU
		{0F2F978B-7724-46D2-91DD-3E4E5FF100C4}.Release|Any CPU.ActiveCfg = Release|Any CPU
		{0F2F978B-7724-46D2-91DD-3E4E5FF100C4}.Release|Any CPU.Build.0 = Release|Any CPU
		{BB6F09D4-C2C1-4153-B56A-07309F826B72}.Debug|Any CPU.ActiveCfg = Debug|Any CPU
		{BB6F09D4-C2C1-4153-B56A-07309F826B72}.Debug|Any CPU.Build.0 = Debug|Any CPU
		{BB6F09D4-C2C1-4153-B56A-07309F826B72}.Release|Any CPU.ActiveCfg = Release|Any CPU
		{BB6F09D4-C2C1-4153-B56A-07309F826B72}.Release|Any CPU.Build.0 = Release|Any CPU
		{ADCBE94C-A0CE-4822-86C8-9801EB1394EC}.Debug|Any CPU.ActiveCfg = Debug|Any CPU
		{ADCBE94C-A0CE-4822-86C8-9801EB1394EC}.Debug|Any CPU.Build.0 = Debug|Any CPU
		{ADCBE94C-A0CE-4822-86C8-9801EB1394EC}.Release|Any CPU.ActiveCfg = Release|Any CPU
		{ADCBE94C-A0CE-4822-86C8-9801EB1394EC}.Release|Any CPU.Build.0 = Release|Any CPU
		{8FFA0F59-8828-40E1-8ABE-8BAA6BB61A43}.Debug|Any CPU.ActiveCfg = Debug|Any CPU
		{8FFA0F59-8828-40E1-8ABE-8BAA6BB61A43}.Debug|Any CPU.Build.0 = Debug|Any CPU
		{8FFA0F59-8828-40E1-8ABE-8BAA6BB61A43}.Release|Any CPU.ActiveCfg = Release|Any CPU
		{8FFA0F59-8828-40E1-8ABE-8BAA6BB61A43}.Release|Any CPU.Build.0 = Release|Any CPU
		{EB350E74-D119-46B5-8398-448A4BE4858B}.Debug|Any CPU.ActiveCfg = Debug|Any CPU
		{EB350E74-D119-46B5-8398-448A4BE4858B}.Debug|Any CPU.Build.0 = Debug|Any CPU
		{EB350E74-D119-46B5-8398-448A4BE4858B}.Release|Any CPU.ActiveCfg = Release|Any CPU
		{EB350E74-D119-46B5-8398-448A4BE4858B}.Release|Any CPU.Build.0 = Release|Any CPU
		{A2312CF7-725F-44D0-A722-5300086B5C40}.Debug|Any CPU.ActiveCfg = Debug|Any CPU
		{A2312CF7-725F-44D0-A722-5300086B5C40}.Debug|Any CPU.Build.0 = Debug|Any CPU
		{A2312CF7-725F-44D0-A722-5300086B5C40}.Release|Any CPU.ActiveCfg = Release|Any CPU
		{A2312CF7-725F-44D0-A722-5300086B5C40}.Release|Any CPU.Build.0 = Release|Any CPU
		{625333A5-5E4D-434F-A791-33FA560291AD}.Debug|Any CPU.ActiveCfg = Debug|Any CPU
		{625333A5-5E4D-434F-A791-33FA560291AD}.Debug|Any CPU.Build.0 = Debug|Any CPU
		{625333A5-5E4D-434F-A791-33FA560291AD}.Release|Any CPU.ActiveCfg = Release|Any CPU
		{625333A5-5E4D-434F-A791-33FA560291AD}.Release|Any CPU.Build.0 = Release|Any CPU
		{3A91E8B6-4D02-41F2-8C94-B1215E320700}.Debug|Any CPU.ActiveCfg = Debug|Any CPU
		{3A91E8B6-4D02-41F2-8C94-B1215E320700}.Debug|Any CPU.Build.0 = Debug|Any CPU
		{3A91E8B6-4D02-41F2-8C94-B1215E320700}.Release|Any CPU.ActiveCfg = Release|Any CPU
		{3A91E8B6-4D02-41F2-8C94-B1215E320700}.Release|Any CPU.Build.0 = Release|Any CPU
		{064A721B-3355-49EB-A95C-B06FA357B183}.Debug|Any CPU.ActiveCfg = Debug|Any CPU
		{064A721B-3355-49EB-A95C-B06FA357B183}.Debug|Any CPU.Build.0 = Debug|Any CPU
		{064A721B-3355-49EB-A95C-B06FA357B183}.Release|Any CPU.ActiveCfg = Release|Any CPU
		{064A721B-3355-49EB-A95C-B06FA357B183}.Release|Any CPU.Build.0 = Release|Any CPU
		{9FEF39D0-C248-43BA-AA64-C7119B73FF65}.Debug|Any CPU.ActiveCfg = Debug|Any CPU
		{9FEF39D0-C248-43BA-AA64-C7119B73FF65}.Debug|Any CPU.Build.0 = Debug|Any CPU
		{9FEF39D0-C248-43BA-AA64-C7119B73FF65}.Release|Any CPU.ActiveCfg = Release|Any CPU
		{9FEF39D0-C248-43BA-AA64-C7119B73FF65}.Release|Any CPU.Build.0 = Release|Any CPU
		{60744A87-C8F7-44EF-85D6-F4B5F375ECA8}.Debug|Any CPU.ActiveCfg = Debug|Any CPU
		{60744A87-C8F7-44EF-85D6-F4B5F375ECA8}.Debug|Any CPU.Build.0 = Debug|Any CPU
		{60744A87-C8F7-44EF-85D6-F4B5F375ECA8}.Release|Any CPU.ActiveCfg = Release|Any CPU
		{60744A87-C8F7-44EF-85D6-F4B5F375ECA8}.Release|Any CPU.Build.0 = Release|Any CPU
		{1A2018CC-9BB3-479F-9A22-BC36204BA696}.Debug|Any CPU.ActiveCfg = Debug|Any CPU
		{1A2018CC-9BB3-479F-9A22-BC36204BA696}.Debug|Any CPU.Build.0 = Debug|Any CPU
		{1A2018CC-9BB3-479F-9A22-BC36204BA696}.Release|Any CPU.ActiveCfg = Release|Any CPU
		{1A2018CC-9BB3-479F-9A22-BC36204BA696}.Release|Any CPU.Build.0 = Release|Any CPU
		{163C9ABA-8FDB-4456-9E4A-C6990DD55D14}.Debug|Any CPU.ActiveCfg = Debug|Any CPU
		{163C9ABA-8FDB-4456-9E4A-C6990DD55D14}.Debug|Any CPU.Build.0 = Debug|Any CPU
		{163C9ABA-8FDB-4456-9E4A-C6990DD55D14}.Release|Any CPU.ActiveCfg = Release|Any CPU
		{163C9ABA-8FDB-4456-9E4A-C6990DD55D14}.Release|Any CPU.Build.0 = Release|Any CPU
		{59BAC1FD-9C8B-4C98-B104-B0FCEC770026}.Debug|Any CPU.ActiveCfg = Debug|Any CPU
		{59BAC1FD-9C8B-4C98-B104-B0FCEC770026}.Debug|Any CPU.Build.0 = Debug|Any CPU
		{59BAC1FD-9C8B-4C98-B104-B0FCEC770026}.Release|Any CPU.ActiveCfg = Release|Any CPU
		{59BAC1FD-9C8B-4C98-B104-B0FCEC770026}.Release|Any CPU.Build.0 = Release|Any CPU
		{44F3CDFB-344A-4928-9220-66AEBB25C136}.Debug|Any CPU.ActiveCfg = Debug|Any CPU
		{44F3CDFB-344A-4928-9220-66AEBB25C136}.Debug|Any CPU.Build.0 = Debug|Any CPU
		{44F3CDFB-344A-4928-9220-66AEBB25C136}.Release|Any CPU.ActiveCfg = Release|Any CPU
		{44F3CDFB-344A-4928-9220-66AEBB25C136}.Release|Any CPU.Build.0 = Release|Any CPU
		{B582A16F-770F-4B4B-A81C-F8CF2CFD870D}.Debug|Any CPU.ActiveCfg = Debug|Any CPU
		{B582A16F-770F-4B4B-A81C-F8CF2CFD870D}.Debug|Any CPU.Build.0 = Debug|Any CPU
		{B582A16F-770F-4B4B-A81C-F8CF2CFD870D}.Release|Any CPU.ActiveCfg = Release|Any CPU
		{B582A16F-770F-4B4B-A81C-F8CF2CFD870D}.Release|Any CPU.Build.0 = Release|Any CPU
		{2C014353-2D1A-407B-946A-8362DBB7CA5E}.Debug|Any CPU.ActiveCfg = Debug|Any CPU
		{2C014353-2D1A-407B-946A-8362DBB7CA5E}.Debug|Any CPU.Build.0 = Debug|Any CPU
		{2C014353-2D1A-407B-946A-8362DBB7CA5E}.Release|Any CPU.ActiveCfg = Release|Any CPU
		{2C014353-2D1A-407B-946A-8362DBB7CA5E}.Release|Any CPU.Build.0 = Release|Any CPU
		{4DC282D3-3121-40D0-9A62-A80C2A422755}.Debug|Any CPU.ActiveCfg = Debug|Any CPU
		{4DC282D3-3121-40D0-9A62-A80C2A422755}.Debug|Any CPU.Build.0 = Debug|Any CPU
		{4DC282D3-3121-40D0-9A62-A80C2A422755}.Release|Any CPU.ActiveCfg = Release|Any CPU
		{4DC282D3-3121-40D0-9A62-A80C2A422755}.Release|Any CPU.Build.0 = Release|Any CPU
		{91E464AB-BD9A-4D0E-ABE9-99185FD09206}.Debug|Any CPU.ActiveCfg = Debug|Any CPU
		{91E464AB-BD9A-4D0E-ABE9-99185FD09206}.Debug|Any CPU.Build.0 = Debug|Any CPU
		{91E464AB-BD9A-4D0E-ABE9-99185FD09206}.Release|Any CPU.ActiveCfg = Release|Any CPU
		{91E464AB-BD9A-4D0E-ABE9-99185FD09206}.Release|Any CPU.Build.0 = Release|Any CPU
		{0DBAC92F-6A1B-4F85-8977-DC91323A262D}.Debug|Any CPU.ActiveCfg = Debug|Any CPU
		{0DBAC92F-6A1B-4F85-8977-DC91323A262D}.Debug|Any CPU.Build.0 = Debug|Any CPU
		{0DBAC92F-6A1B-4F85-8977-DC91323A262D}.Release|Any CPU.ActiveCfg = Release|Any CPU
		{0DBAC92F-6A1B-4F85-8977-DC91323A262D}.Release|Any CPU.Build.0 = Release|Any CPU
		{B5E1071A-2754-45C9-B76B-0385CD1D5DCB}.Debug|Any CPU.ActiveCfg = Debug|Any CPU
		{B5E1071A-2754-45C9-B76B-0385CD1D5DCB}.Debug|Any CPU.Build.0 = Debug|Any CPU
		{B5E1071A-2754-45C9-B76B-0385CD1D5DCB}.Release|Any CPU.ActiveCfg = Release|Any CPU
		{B5E1071A-2754-45C9-B76B-0385CD1D5DCB}.Release|Any CPU.Build.0 = Release|Any CPU
		{F237E730-F3F6-4686-B32F-021B7DE6BB0D}.Debug|Any CPU.ActiveCfg = Debug|Any CPU
		{F237E730-F3F6-4686-B32F-021B7DE6BB0D}.Debug|Any CPU.Build.0 = Debug|Any CPU
		{F237E730-F3F6-4686-B32F-021B7DE6BB0D}.Release|Any CPU.ActiveCfg = Release|Any CPU
		{F237E730-F3F6-4686-B32F-021B7DE6BB0D}.Release|Any CPU.Build.0 = Release|Any CPU
		{948C0D1F-BD8A-4C2C-A69A-DE8ABCD09971}.Debug|Any CPU.ActiveCfg = Debug|Any CPU
		{948C0D1F-BD8A-4C2C-A69A-DE8ABCD09971}.Debug|Any CPU.Build.0 = Debug|Any CPU
		{948C0D1F-BD8A-4C2C-A69A-DE8ABCD09971}.Release|Any CPU.ActiveCfg = Release|Any CPU
		{948C0D1F-BD8A-4C2C-A69A-DE8ABCD09971}.Release|Any CPU.Build.0 = Release|Any CPU
		{8EEE35ED-87B7-42A0-8353-89E7E7A7CDA2}.Debug|Any CPU.ActiveCfg = Debug|Any CPU
		{8EEE35ED-87B7-42A0-8353-89E7E7A7CDA2}.Debug|Any CPU.Build.0 = Debug|Any CPU
		{8EEE35ED-87B7-42A0-8353-89E7E7A7CDA2}.Release|Any CPU.ActiveCfg = Release|Any CPU
		{8EEE35ED-87B7-42A0-8353-89E7E7A7CDA2}.Release|Any CPU.Build.0 = Release|Any CPU
		{4347B8EB-6CAB-41E0-A461-A918F8FAC38F}.Debug|Any CPU.ActiveCfg = Debug|Any CPU
		{4347B8EB-6CAB-41E0-A461-A918F8FAC38F}.Debug|Any CPU.Build.0 = Debug|Any CPU
		{4347B8EB-6CAB-41E0-A461-A918F8FAC38F}.Release|Any CPU.ActiveCfg = Release|Any CPU
		{4347B8EB-6CAB-41E0-A461-A918F8FAC38F}.Release|Any CPU.Build.0 = Release|Any CPU
		{09976D49-8D47-4B7C-9D77-928F2C87AC2C}.Debug|Any CPU.ActiveCfg = Debug|Any CPU
		{09976D49-8D47-4B7C-9D77-928F2C87AC2C}.Debug|Any CPU.Build.0 = Debug|Any CPU
		{09976D49-8D47-4B7C-9D77-928F2C87AC2C}.Release|Any CPU.ActiveCfg = Release|Any CPU
		{09976D49-8D47-4B7C-9D77-928F2C87AC2C}.Release|Any CPU.Build.0 = Release|Any CPU
		{76806438-67F5-4E3D-8189-16AFAEF0FBC0}.Debug|Any CPU.ActiveCfg = Debug|Any CPU
		{76806438-67F5-4E3D-8189-16AFAEF0FBC0}.Debug|Any CPU.Build.0 = Debug|Any CPU
		{76806438-67F5-4E3D-8189-16AFAEF0FBC0}.Release|Any CPU.ActiveCfg = Release|Any CPU
		{76806438-67F5-4E3D-8189-16AFAEF0FBC0}.Release|Any CPU.Build.0 = Release|Any CPU
		{C270F3A8-7D5C-4CD2-9A25-44E32B090EAB}.Debug|Any CPU.ActiveCfg = Debug|Any CPU
		{C270F3A8-7D5C-4CD2-9A25-44E32B090EAB}.Debug|Any CPU.Build.0 = Debug|Any CPU
		{C270F3A8-7D5C-4CD2-9A25-44E32B090EAB}.Release|Any CPU.ActiveCfg = Release|Any CPU
		{C270F3A8-7D5C-4CD2-9A25-44E32B090EAB}.Release|Any CPU.Build.0 = Release|Any CPU
		{10FA9C13-C419-414B-AEE2-D9573DFC96E5}.Debug|Any CPU.ActiveCfg = Debug|Any CPU
		{10FA9C13-C419-414B-AEE2-D9573DFC96E5}.Debug|Any CPU.Build.0 = Debug|Any CPU
		{10FA9C13-C419-414B-AEE2-D9573DFC96E5}.Release|Any CPU.ActiveCfg = Release|Any CPU
		{10FA9C13-C419-414B-AEE2-D9573DFC96E5}.Release|Any CPU.Build.0 = Release|Any CPU
		{B43F6CC6-9F66-4EAE-8C8B-C6032A10EB9F}.Debug|Any CPU.ActiveCfg = Debug|Any CPU
		{B43F6CC6-9F66-4EAE-8C8B-C6032A10EB9F}.Debug|Any CPU.Build.0 = Debug|Any CPU
		{B43F6CC6-9F66-4EAE-8C8B-C6032A10EB9F}.Release|Any CPU.ActiveCfg = Release|Any CPU
		{B43F6CC6-9F66-4EAE-8C8B-C6032A10EB9F}.Release|Any CPU.Build.0 = Release|Any CPU
		{562C9F56-0D82-427F-A809-D988958DD9CB}.Debug|Any CPU.ActiveCfg = Debug|Any CPU
		{562C9F56-0D82-427F-A809-D988958DD9CB}.Debug|Any CPU.Build.0 = Debug|Any CPU
		{562C9F56-0D82-427F-A809-D988958DD9CB}.Release|Any CPU.ActiveCfg = Release|Any CPU
		{562C9F56-0D82-427F-A809-D988958DD9CB}.Release|Any CPU.Build.0 = Release|Any CPU
		{68FE3987-A499-47AD-8330-DA6502B90351}.Debug|Any CPU.ActiveCfg = Debug|Any CPU
		{68FE3987-A499-47AD-8330-DA6502B90351}.Debug|Any CPU.Build.0 = Debug|Any CPU
		{68FE3987-A499-47AD-8330-DA6502B90351}.Release|Any CPU.ActiveCfg = Release|Any CPU
		{68FE3987-A499-47AD-8330-DA6502B90351}.Release|Any CPU.Build.0 = Release|Any CPU
		{A65356E6-C354-47DB-A624-D2D65ABFC38D}.Debug|Any CPU.ActiveCfg = Debug|Any CPU
		{A65356E6-C354-47DB-A624-D2D65ABFC38D}.Debug|Any CPU.Build.0 = Debug|Any CPU
		{A65356E6-C354-47DB-A624-D2D65ABFC38D}.Release|Any CPU.ActiveCfg = Release|Any CPU
		{A65356E6-C354-47DB-A624-D2D65ABFC38D}.Release|Any CPU.Build.0 = Release|Any CPU
		{8178F8D7-92C5-40C0-A3B8-3C329A23EA94}.Debug|Any CPU.ActiveCfg = Debug|Any CPU
		{8178F8D7-92C5-40C0-A3B8-3C329A23EA94}.Debug|Any CPU.Build.0 = Debug|Any CPU
		{8178F8D7-92C5-40C0-A3B8-3C329A23EA94}.Release|Any CPU.ActiveCfg = Release|Any CPU
		{8178F8D7-92C5-40C0-A3B8-3C329A23EA94}.Release|Any CPU.Build.0 = Release|Any CPU
		{EE6815CC-3982-4E9E-BC1A-746593C1C7C6}.Debug|Any CPU.ActiveCfg = Debug|Any CPU
		{EE6815CC-3982-4E9E-BC1A-746593C1C7C6}.Debug|Any CPU.Build.0 = Debug|Any CPU
		{EE6815CC-3982-4E9E-BC1A-746593C1C7C6}.Release|Any CPU.ActiveCfg = Release|Any CPU
		{EE6815CC-3982-4E9E-BC1A-746593C1C7C6}.Release|Any CPU.Build.0 = Release|Any CPU
		{C36AE472-E388-47D0-A60C-9748FB732093}.Debug|Any CPU.ActiveCfg = Debug|Any CPU
		{C36AE472-E388-47D0-A60C-9748FB732093}.Debug|Any CPU.Build.0 = Debug|Any CPU
		{C36AE472-E388-47D0-A60C-9748FB732093}.Release|Any CPU.ActiveCfg = Release|Any CPU
		{C36AE472-E388-47D0-A60C-9748FB732093}.Release|Any CPU.Build.0 = Release|Any CPU
		{84A05179-2B91-4BAA-8351-55615C041FB3}.Debug|Any CPU.ActiveCfg = Debug|Any CPU
		{84A05179-2B91-4BAA-8351-55615C041FB3}.Debug|Any CPU.Build.0 = Debug|Any CPU
		{84A05179-2B91-4BAA-8351-55615C041FB3}.Release|Any CPU.ActiveCfg = Release|Any CPU
		{84A05179-2B91-4BAA-8351-55615C041FB3}.Release|Any CPU.Build.0 = Release|Any CPU
		{5E783A2A-3FB4-4254-AA19-661021152167}.Debug|Any CPU.ActiveCfg = Debug|Any CPU
		{5E783A2A-3FB4-4254-AA19-661021152167}.Debug|Any CPU.Build.0 = Debug|Any CPU
		{5E783A2A-3FB4-4254-AA19-661021152167}.Release|Any CPU.ActiveCfg = Release|Any CPU
		{5E783A2A-3FB4-4254-AA19-661021152167}.Release|Any CPU.Build.0 = Release|Any CPU
		{592829D0-1556-4936-BFEA-17C96D1FBE0D}.Debug|Any CPU.ActiveCfg = Debug|Any CPU
		{592829D0-1556-4936-BFEA-17C96D1FBE0D}.Debug|Any CPU.Build.0 = Debug|Any CPU
		{592829D0-1556-4936-BFEA-17C96D1FBE0D}.Release|Any CPU.ActiveCfg = Release|Any CPU
		{592829D0-1556-4936-BFEA-17C96D1FBE0D}.Release|Any CPU.Build.0 = Release|Any CPU
		{3230F552-80D8-499E-AC75-5DB52B108A12}.Debug|Any CPU.ActiveCfg = Debug|Any CPU
		{3230F552-80D8-499E-AC75-5DB52B108A12}.Debug|Any CPU.Build.0 = Debug|Any CPU
		{3230F552-80D8-499E-AC75-5DB52B108A12}.Release|Any CPU.ActiveCfg = Release|Any CPU
		{3230F552-80D8-499E-AC75-5DB52B108A12}.Release|Any CPU.Build.0 = Release|Any CPU
		{8D3ECDD0-D0D3-4600-8CCE-B9D93F5ABAA9}.Debug|Any CPU.ActiveCfg = Debug|Any CPU
		{8D3ECDD0-D0D3-4600-8CCE-B9D93F5ABAA9}.Debug|Any CPU.Build.0 = Debug|Any CPU
		{8D3ECDD0-D0D3-4600-8CCE-B9D93F5ABAA9}.Release|Any CPU.ActiveCfg = Release|Any CPU
		{8D3ECDD0-D0D3-4600-8CCE-B9D93F5ABAA9}.Release|Any CPU.Build.0 = Release|Any CPU
		{33D112D2-6A92-4E3C-A9E1-E7467F3F6BD9}.Debug|Any CPU.ActiveCfg = Debug|Any CPU
		{33D112D2-6A92-4E3C-A9E1-E7467F3F6BD9}.Debug|Any CPU.Build.0 = Debug|Any CPU
		{33D112D2-6A92-4E3C-A9E1-E7467F3F6BD9}.Release|Any CPU.ActiveCfg = Release|Any CPU
		{33D112D2-6A92-4E3C-A9E1-E7467F3F6BD9}.Release|Any CPU.Build.0 = Release|Any CPU
		{30BA4EA1-9C71-4970-A0BF-ADC151897D0B}.Debug|Any CPU.ActiveCfg = Debug|Any CPU
		{30BA4EA1-9C71-4970-A0BF-ADC151897D0B}.Debug|Any CPU.Build.0 = Debug|Any CPU
		{30BA4EA1-9C71-4970-A0BF-ADC151897D0B}.Release|Any CPU.ActiveCfg = Release|Any CPU
		{30BA4EA1-9C71-4970-A0BF-ADC151897D0B}.Release|Any CPU.Build.0 = Release|Any CPU
		{DF52AED2-03A0-4E52-AF2D-E5061A6CAF0D}.Debug|Any CPU.ActiveCfg = Debug|Any CPU
		{DF52AED2-03A0-4E52-AF2D-E5061A6CAF0D}.Debug|Any CPU.Build.0 = Debug|Any CPU
		{DF52AED2-03A0-4E52-AF2D-E5061A6CAF0D}.Release|Any CPU.ActiveCfg = Release|Any CPU
		{DF52AED2-03A0-4E52-AF2D-E5061A6CAF0D}.Release|Any CPU.Build.0 = Release|Any CPU
		{1BF42424-5667-419E-A906-74B6A346719A}.Debug|Any CPU.ActiveCfg = Debug|Any CPU
		{1BF42424-5667-419E-A906-74B6A346719A}.Debug|Any CPU.Build.0 = Debug|Any CPU
		{1BF42424-5667-419E-A906-74B6A346719A}.Release|Any CPU.ActiveCfg = Release|Any CPU
		{1BF42424-5667-419E-A906-74B6A346719A}.Release|Any CPU.Build.0 = Release|Any CPU
		{0DDD5E8F-94D7-41F3-A1BA-CD77B43206FD}.Debug|Any CPU.ActiveCfg = Debug|Any CPU
		{0DDD5E8F-94D7-41F3-A1BA-CD77B43206FD}.Debug|Any CPU.Build.0 = Debug|Any CPU
		{0DDD5E8F-94D7-41F3-A1BA-CD77B43206FD}.Release|Any CPU.ActiveCfg = Release|Any CPU
		{0DDD5E8F-94D7-41F3-A1BA-CD77B43206FD}.Release|Any CPU.Build.0 = Release|Any CPU
		{4E837921-330F-41A1-9A20-F7BA19F68C20}.Debug|Any CPU.ActiveCfg = Debug|Any CPU
		{4E837921-330F-41A1-9A20-F7BA19F68C20}.Debug|Any CPU.Build.0 = Debug|Any CPU
		{4E837921-330F-41A1-9A20-F7BA19F68C20}.Release|Any CPU.ActiveCfg = Release|Any CPU
		{4E837921-330F-41A1-9A20-F7BA19F68C20}.Release|Any CPU.Build.0 = Release|Any CPU
		{9CA68389-D3E6-4A0E-813A-68BE180A2967}.Debug|Any CPU.ActiveCfg = Debug|Any CPU
		{9CA68389-D3E6-4A0E-813A-68BE180A2967}.Debug|Any CPU.Build.0 = Debug|Any CPU
		{9CA68389-D3E6-4A0E-813A-68BE180A2967}.Release|Any CPU.ActiveCfg = Release|Any CPU
		{9CA68389-D3E6-4A0E-813A-68BE180A2967}.Release|Any CPU.Build.0 = Release|Any CPU
		{5B883DC1-EF03-41D2-BA9B-B05859508963}.Debug|Any CPU.ActiveCfg = Debug|Any CPU
		{5B883DC1-EF03-41D2-BA9B-B05859508963}.Debug|Any CPU.Build.0 = Debug|Any CPU
		{5B883DC1-EF03-41D2-BA9B-B05859508963}.Release|Any CPU.ActiveCfg = Release|Any CPU
		{5B883DC1-EF03-41D2-BA9B-B05859508963}.Release|Any CPU.Build.0 = Release|Any CPU
		{CE838BAD-E066-494B-A51C-CB201842AF8B}.Debug|Any CPU.ActiveCfg = Debug|Any CPU
		{CE838BAD-E066-494B-A51C-CB201842AF8B}.Debug|Any CPU.Build.0 = Debug|Any CPU
		{CE838BAD-E066-494B-A51C-CB201842AF8B}.Release|Any CPU.ActiveCfg = Release|Any CPU
		{CE838BAD-E066-494B-A51C-CB201842AF8B}.Release|Any CPU.Build.0 = Release|Any CPU
		{475A6CD6-3321-4125-A8D4-0237B08AD1A3}.Debug|Any CPU.ActiveCfg = Debug|Any CPU
		{475A6CD6-3321-4125-A8D4-0237B08AD1A3}.Debug|Any CPU.Build.0 = Debug|Any CPU
		{475A6CD6-3321-4125-A8D4-0237B08AD1A3}.Release|Any CPU.ActiveCfg = Release|Any CPU
		{475A6CD6-3321-4125-A8D4-0237B08AD1A3}.Release|Any CPU.Build.0 = Release|Any CPU
		{FA0DD30F-9533-4129-9243-5741B1319780}.Debug|Any CPU.ActiveCfg = Debug|Any CPU
		{FA0DD30F-9533-4129-9243-5741B1319780}.Debug|Any CPU.Build.0 = Debug|Any CPU
		{FA0DD30F-9533-4129-9243-5741B1319780}.Release|Any CPU.ActiveCfg = Release|Any CPU
		{FA0DD30F-9533-4129-9243-5741B1319780}.Release|Any CPU.Build.0 = Release|Any CPU
		{B4C20246-8631-488B-8762-665E235861D2}.Debug|Any CPU.ActiveCfg = Debug|Any CPU
		{B4C20246-8631-488B-8762-665E235861D2}.Debug|Any CPU.Build.0 = Debug|Any CPU
		{B4C20246-8631-488B-8762-665E235861D2}.Release|Any CPU.ActiveCfg = Release|Any CPU
		{B4C20246-8631-488B-8762-665E235861D2}.Release|Any CPU.Build.0 = Release|Any CPU
		{E7230B41-8336-4FD1-BF4A-0D8BFAA10BE1}.Debug|Any CPU.ActiveCfg = Debug|Any CPU
		{E7230B41-8336-4FD1-BF4A-0D8BFAA10BE1}.Debug|Any CPU.Build.0 = Debug|Any CPU
		{E7230B41-8336-4FD1-BF4A-0D8BFAA10BE1}.Release|Any CPU.ActiveCfg = Release|Any CPU
		{E7230B41-8336-4FD1-BF4A-0D8BFAA10BE1}.Release|Any CPU.Build.0 = Release|Any CPU
		{FCB276D6-7536-4672-91E5-9AF00697EAD6}.Debug|Any CPU.ActiveCfg = Debug|Any CPU
		{FCB276D6-7536-4672-91E5-9AF00697EAD6}.Debug|Any CPU.Build.0 = Debug|Any CPU
		{FCB276D6-7536-4672-91E5-9AF00697EAD6}.Release|Any CPU.ActiveCfg = Release|Any CPU
		{FCB276D6-7536-4672-91E5-9AF00697EAD6}.Release|Any CPU.Build.0 = Release|Any CPU
		{30E2F5EA-B510-4742-9A4B-D173C1147675}.Debug|Any CPU.ActiveCfg = Debug|Any CPU
		{30E2F5EA-B510-4742-9A4B-D173C1147675}.Debug|Any CPU.Build.0 = Debug|Any CPU
		{30E2F5EA-B510-4742-9A4B-D173C1147675}.Release|Any CPU.ActiveCfg = Release|Any CPU
		{30E2F5EA-B510-4742-9A4B-D173C1147675}.Release|Any CPU.Build.0 = Release|Any CPU
		{00A4FEBE-A163-473A-B217-11E775C6E444}.Debug|Any CPU.ActiveCfg = Debug|Any CPU
		{00A4FEBE-A163-473A-B217-11E775C6E444}.Debug|Any CPU.Build.0 = Debug|Any CPU
		{00A4FEBE-A163-473A-B217-11E775C6E444}.Release|Any CPU.ActiveCfg = Release|Any CPU
		{00A4FEBE-A163-473A-B217-11E775C6E444}.Release|Any CPU.Build.0 = Release|Any CPU
		{1BB5EEB5-D9A2-49AE-94AC-FD0CE6A63135}.Debug|Any CPU.ActiveCfg = Debug|Any CPU
		{1BB5EEB5-D9A2-49AE-94AC-FD0CE6A63135}.Debug|Any CPU.Build.0 = Debug|Any CPU
		{1BB5EEB5-D9A2-49AE-94AC-FD0CE6A63135}.Release|Any CPU.ActiveCfg = Release|Any CPU
		{1BB5EEB5-D9A2-49AE-94AC-FD0CE6A63135}.Release|Any CPU.Build.0 = Release|Any CPU
		{46C4792A-F5EC-4471-A38E-23B328E8B93F}.Debug|Any CPU.ActiveCfg = Debug|Any CPU
		{46C4792A-F5EC-4471-A38E-23B328E8B93F}.Debug|Any CPU.Build.0 = Debug|Any CPU
		{46C4792A-F5EC-4471-A38E-23B328E8B93F}.Release|Any CPU.ActiveCfg = Release|Any CPU
		{46C4792A-F5EC-4471-A38E-23B328E8B93F}.Release|Any CPU.Build.0 = Release|Any CPU
		{97F944A4-A1D7-48CF-A580-1D49E0D4A68A}.Debug|Any CPU.ActiveCfg = Debug|Any CPU
		{97F944A4-A1D7-48CF-A580-1D49E0D4A68A}.Debug|Any CPU.Build.0 = Debug|Any CPU
		{97F944A4-A1D7-48CF-A580-1D49E0D4A68A}.Release|Any CPU.ActiveCfg = Release|Any CPU
		{97F944A4-A1D7-48CF-A580-1D49E0D4A68A}.Release|Any CPU.Build.0 = Release|Any CPU
		{C5845159-10F9-46B4-A716-F0812DC43973}.Debug|Any CPU.ActiveCfg = Debug|Any CPU
		{C5845159-10F9-46B4-A716-F0812DC43973}.Debug|Any CPU.Build.0 = Debug|Any CPU
		{C5845159-10F9-46B4-A716-F0812DC43973}.Release|Any CPU.ActiveCfg = Release|Any CPU
		{C5845159-10F9-46B4-A716-F0812DC43973}.Release|Any CPU.Build.0 = Release|Any CPU
	EndGlobalSection
	GlobalSection(SolutionProperties) = preSolution
		HideSolutionNode = FALSE
	EndGlobalSection
	GlobalSection(ExtensibilityGlobals) = postSolution
		SolutionGuid = {2AD49594-BE1C-4239-B539-B9036A2A8D6C}
	EndGlobalSection
EndGlobal
